{
  "name": "d3rs-golden-tests",
  "version": "1.0.19",
  "lockfileVersion": 3,
  "requires": true,
  "packages": {
    "": {
      "name": "d3rs-golden-tests",
      "version": "1.0.19",
      "dependencies": {
        "d3": "7.9.0",
        "d3-hexbin": "0.2.2",
        "d3-sankey": "0.12.3",
        "versor": "^0.2.0"
      },
      "devDependencies": {
        "npm-check-updates": "19.6.3",
        "oxlint": "1.55.0",
        "prettier": "3.8.1"
      }
    },
    "node_modules/@oxlint/binding-android-arm-eabi": {
      "version": "1.55.0",
      "resolved": "https://registry.npmjs.org/@oxlint/binding-android-arm-eabi/-/binding-android-arm-eabi-1.55.0.tgz",
      "integrity": "sha512-NhvgAhncTSOhRahQSCnkK/4YIGPjTmhPurQQ2dwt2IvwCMTvZRW5vF2K10UBOxFve4GZDMw6LtXZdC2qeuYIVQ==",
      "cpu": [
        "arm"
      ],
      "dev": true,
      "license": "MIT",
      "optional": true,
      "os": [
        "android"
      ],
      "engines": {
        "node": "^20.19.0 || >=22.12.0"
      }
    },
    "node_modules/@oxlint/binding-android-arm64": {
      "version": "1.55.0",
      "resolved": "https://registry.npmjs.org/@oxlint/binding-android-arm64/-/binding-android-arm64-1.55.0.tgz",
      "integrity": "sha512-P9iWRh+Ugqhg+D7rkc7boHX8o3H2h7YPcZHQIgvVBgnua5tk4LR2L+IBlreZs58/95cd2x3/004p5VsQM9z4SA==",
      "cpu": [
        "arm64"
      ],
      "dev": true,
      "license": "MIT",
      "optional": true,
      "os": [
        "android"
      ],
      "engines": {
        "node": "^20.19.0 || >=22.12.0"
      }
    },
    "node_modules/@oxlint/binding-darwin-arm64": {
      "version": "1.55.0",
      "resolved": "https://registry.npmjs.org/@oxlint/binding-darwin-arm64/-/binding-darwin-arm64-1.55.0.tgz",
      "integrity": "sha512-esakkJIt7WFAhT30P/Qzn96ehFpzdZ1mNuzpOb8SCW7lI4oB8VsyQnkSHREM671jfpuBb/o2ppzBCx5l0jpgMA==",
      "cpu": [
        "arm64"
      ],
      "dev": true,
      "license": "MIT",
      "optional": true,
      "os": [
        "darwin"
      ],
      "engines": {
        "node": "^20.19.0 || >=22.12.0"
      }
    },
    "node_modules/@oxlint/binding-darwin-x64": {
      "version": "1.55.0",
      "resolved": "https://registry.npmjs.org/@oxlint/binding-darwin-x64/-/binding-darwin-x64-1.55.0.tgz",
      "integrity": "sha512-xDMFRCCAEK9fOH6As2z8ELsC+VDGSFRHwIKVSilw+xhgLwTDFu37rtmRbmUlx8rRGS6cWKQPTc47AVxAZEVVPQ==",
      "cpu": [
        "x64"
      ],
      "dev": true,
      "license": "MIT",
      "optional": true,
      "os": [
        "darwin"
      ],
      "engines": {
        "node": "^20.19.0 || >=22.12.0"
      }
    },
    "node_modules/@oxlint/binding-freebsd-x64": {
      "version": "1.55.0",
      "resolved": "https://registry.npmjs.org/@oxlint/binding-freebsd-x64/-/binding-freebsd-x64-1.55.0.tgz",
      "integrity": "sha512-mYZqnwUD7ALCRxGenyLd1uuG+rHCL+OTT6S8FcAbVm/ZT2AZMGjvibp3F6k1SKOb2aeqFATmwRykrE41Q0GWVw==",
      "cpu": [
        "x64"
      ],
      "dev": true,
      "license": "MIT",
      "optional": true,
      "os": [
        "freebsd"
      ],
      "engines": {
        "node": "^20.19.0 || >=22.12.0"
      }
    },
    "node_modules/@oxlint/binding-linux-arm-gnueabihf": {
      "version": "1.55.0",
      "resolved": "https://registry.npmjs.org/@oxlint/binding-linux-arm-gnueabihf/-/binding-linux-arm-gnueabihf-1.55.0.tgz",
      "integrity": "sha512-LcX6RYcF9vL9ESGwJW3yyIZ/d/ouzdOKXxCdey1q0XJOW1asrHsIg5MmyKdEBR4plQx+shvYeQne7AzW5f3T1w==",
      "cpu": [
        "arm"
      ],
      "dev": true,
      "license": "MIT",
      "optional": true,
      "os": [
        "linux"
      ],
      "engines": {
        "node": "^20.19.0 || >=22.12.0"
      }
    },
    "node_modules/@oxlint/binding-linux-arm-musleabihf": {
      "version": "1.55.0",
      "resolved": "https://registry.npmjs.org/@oxlint/binding-linux-arm-musleabihf/-/binding-linux-arm-musleabihf-1.55.0.tgz",
      "integrity": "sha512-C+8GS1rPtK+dI7mJFkqoRBkDuqbrNihnyYQsJPS9ez+8zF9JzfvU19lawqt4l/Y23o5uQswE/DORa8aiXUih3w==",
      "cpu": [
        "arm"
      ],
      "dev": true,
      "license": "MIT",
      "optional": true,
      "os": [
        "linux"
      ],
      "engines": {
        "node": "^20.19.0 || >=22.12.0"
      }
    },
    "node_modules/@oxlint/binding-linux-arm64-gnu": {
      "version": "1.55.0",
      "resolved": "https://registry.npmjs.org/@oxlint/binding-linux-arm64-gnu/-/binding-linux-arm64-gnu-1.55.0.tgz",
      "integrity": "sha512-ErLE4XbmcCopA4/CIDiH6J1IAaDOMnf/KSx/aFObs4/OjAAM3sFKWGZ57pNOMxhhyBdcmcXwYymph9GwcpcqgQ==",
      "cpu": [
        "arm64"
      ],
      "dev": true,
      "libc": [
        "glibc"
      ],
      "license": "MIT",
      "optional": true,
      "os": [
        "linux"
      ],
      "engines": {
        "node": "^20.19.0 || >=22.12.0"
      }
    },
    "node_modules/@oxlint/binding-linux-arm64-musl": {
      "version": "1.55.0",
      "resolved": "https://registry.npmjs.org/@oxlint/binding-linux-arm64-musl/-/binding-linux-arm64-musl-1.55.0.tgz",
      "integrity": "sha512-/kp65avi6zZfqEng56TTuhiy3P/3pgklKIdf38yvYeJ9/PgEeRA2A2AqKAKbZBNAqUzrzHhz9jF6j/PZvhJzTQ==",
      "cpu": [
        "arm64"
      ],
      "dev": true,
      "libc": [
        "musl"
      ],
      "license": "MIT",
      "optional": true,
      "os": [
        "linux"
      ],
      "engines": {
        "node": "^20.19.0 || >=22.12.0"
      }
    },
    "node_modules/@oxlint/binding-linux-ppc64-gnu": {
      "version": "1.55.0",
      "resolved": "https://registry.npmjs.org/@oxlint/binding-linux-ppc64-gnu/-/binding-linux-ppc64-gnu-1.55.0.tgz",
      "integrity": "sha512-A6pTdXwcEEwL/nmz0eUJ6WxmxcoIS+97GbH96gikAyre3s5deC7sts38ZVVowjS2QQFuSWkpA4ZmQC0jZSNvJQ==",
      "cpu": [
        "ppc64"
      ],
      "dev": true,
      "libc": [
        "glibc"
      ],
      "license": "MIT",
      "optional": true,
      "os": [
        "linux"
      ],
      "engines": {
        "node": "^20.19.0 || >=22.12.0"
      }
    },
    "node_modules/@oxlint/binding-linux-riscv64-gnu": {
      "version": "1.55.0",
      "resolved": "https://registry.npmjs.org/@oxlint/binding-linux-riscv64-gnu/-/binding-linux-riscv64-gnu-1.55.0.tgz",
      "integrity": "sha512-clj0lnIN+V52G9tdtZl0LbdTSurnZ1NZj92Je5X4lC7gP5jiCSW+Y/oiDiSauBAD4wrHt2S7nN3pA0zfKYK/6Q==",
      "cpu": [
        "riscv64"
      ],
      "dev": true,
      "libc": [
        "glibc"
      ],
      "license": "MIT",
      "optional": true,
      "os": [
        "linux"
      ],
      "engines": {
        "node": "^20.19.0 || >=22.12.0"
      }
    },
    "node_modules/@oxlint/binding-linux-riscv64-musl": {
      "version": "1.55.0",
      "resolved": "https://registry.npmjs.org/@oxlint/binding-linux-riscv64-musl/-/binding-linux-riscv64-musl-1.55.0.tgz",
      "integrity": "sha512-NNu08pllN5x/O94/sgR3DA8lbrGBnTHsINZZR0hcav1sj79ksTiKKm1mRzvZvacwQ0hUnGinFo+JO75ok2PxYg==",
      "cpu": [
        "riscv64"
      ],
      "dev": true,
      "libc": [
        "musl"
      ],
      "license": "MIT",
      "optional": true,
      "os": [
        "linux"
      ],
      "engines": {
        "node": "^20.19.0 || >=22.12.0"
      }
    },
    "node_modules/@oxlint/binding-linux-s390x-gnu": {
      "version": "1.55.0",
      "resolved": "https://registry.npmjs.org/@oxlint/binding-linux-s390x-gnu/-/binding-linux-s390x-gnu-1.55.0.tgz",
      "integrity": "sha512-BvfQz3PRlWZRoEZ17dZCqgQsMRdpzGZomJkVATwCIGhHVVeHJMQdmdXPSjcT1DCNUrOjXnVyj1RGDj5+/Je2+Q==",
      "cpu": [
        "s390x"
      ],
      "dev": true,
      "libc": [
        "glibc"
      ],
      "license": "MIT",
      "optional": true,
      "os": [
        "linux"
      ],
      "engines": {
        "node": "^20.19.0 || >=22.12.0"
      }
    },
    "node_modules/@oxlint/binding-linux-x64-gnu": {
      "version": "1.55.0",
      "resolved": "https://registry.npmjs.org/@oxlint/binding-linux-x64-gnu/-/binding-linux-x64-gnu-1.55.0.tgz",
      "integrity": "sha512-ngSOoFCSBMKVQd24H8zkbcBNc7EHhjnF1sv3mC9NNXQ/4rRjI/4Dj9+9XoDZeFEkF1SX1COSBXF1b2Pr9rqdEw==",
      "cpu": [
        "x64"
      ],
      "dev": true,
      "libc": [
        "glibc"
      ],
      "license": "MIT",
      "optional": true,
      "os": [
        "linux"
      ],
      "engines": {
        "node": "^20.19.0 || >=22.12.0"
      }
    },
    "node_modules/@oxlint/binding-linux-x64-musl": {
      "version": "1.55.0",
      "resolved": "https://registry.npmjs.org/@oxlint/binding-linux-x64-musl/-/binding-linux-x64-musl-1.55.0.tgz",
      "integrity": "sha512-BDpP7W8GlaG7BR6QjGZAleYzxoyKc/D24spZIF2mB3XsfALQJJT/OBmP8YpeTb1rveFSBHzl8T7l0aqwkWNdGA==",
      "cpu": [
        "x64"
      ],
      "dev": true,
      "libc": [
        "musl"
      ],
      "license": "MIT",
      "optional": true,
      "os": [
        "linux"
      ],
      "engines": {
        "node": "^20.19.0 || >=22.12.0"
      }
    },
    "node_modules/@oxlint/binding-openharmony-arm64": {
      "version": "1.55.0",
      "resolved": "https://registry.npmjs.org/@oxlint/binding-openharmony-arm64/-/binding-openharmony-arm64-1.55.0.tgz",
      "integrity": "sha512-PS6GFvmde/pc3fCA2Srt51glr8Lcxhpf6WIBFfLphndjRrD34NEcses4TSxQrEcxYo6qVywGfylM0ZhSCF2gGA==",
      "cpu": [
        "arm64"
      ],
      "dev": true,
      "license": "MIT",
      "optional": true,
      "os": [
        "openharmony"
      ],
      "engines": {
        "node": "^20.19.0 || >=22.12.0"
      }
    },
    "node_modules/@oxlint/binding-win32-arm64-msvc": {
      "version": "1.55.0",
      "resolved": "https://registry.npmjs.org/@oxlint/binding-win32-arm64-msvc/-/binding-win32-arm64-msvc-1.55.0.tgz",
      "integrity": "sha512-P6JcLJGs/q1UOvDLzN8otd9JsH4tsuuPDv+p7aHqHM3PrKmYdmUvkNj4K327PTd35AYcznOCN+l4ZOaq76QzSw==",
      "cpu": [
        "arm64"
      ],
      "dev": true,
      "license": "MIT",
      "optional": true,
      "os": [
        "win32"
      ],
      "engines": {
        "node": "^20.19.0 || >=22.12.0"
      }
    },
    "node_modules/@oxlint/binding-win32-ia32-msvc": {
      "version": "1.55.0",
      "resolved": "https://registry.npmjs.org/@oxlint/binding-win32-ia32-msvc/-/binding-win32-ia32-msvc-1.55.0.tgz",
      "integrity": "sha512-gzkk4zE2zsE+WmRxFOiAZHpCpUNDFytEakqNXoNHW+PnYEOTPKDdW6nrzgSeTbGKVPXNAKQnRnMgrh7+n3Xueg==",
      "cpu": [
        "ia32"
      ],
      "dev": true,
      "license": "MIT",
      "optional": true,
      "os": [
        "win32"
      ],
      "engines": {
        "node": "^20.19.0 || >=22.12.0"
      }
    },
    "node_modules/@oxlint/binding-win32-x64-msvc": {
      "version": "1.55.0",
      "resolved": "https://registry.npmjs.org/@oxlint/binding-win32-x64-msvc/-/binding-win32-x64-msvc-1.55.0.tgz",
      "integrity": "sha512-ZFALNow2/og75gvYzNP7qe+rREQ5xunktwA+lgykoozHZ6hw9bqg4fn5j2UvG4gIn1FXqrZHkOAXuPf5+GOYTQ==",
      "cpu": [
        "x64"
      ],
      "dev": true,
      "license": "MIT",
      "optional": true,
      "os": [
        "win32"
      ],
      "engines": {
        "node": "^20.19.0 || >=22.12.0"
      }
    },
    "node_modules/commander": {
      "version": "7.2.0",
      "license": "MIT",
      "engines": {
        "node": ">= 10"
      }
    },
    "node_modules/d3": {
      "version": "7.9.0",
      "license": "ISC",
      "dependencies": {
        "d3-array": "3",
        "d3-axis": "3",
        "d3-brush": "3",
        "d3-chord": "3",
        "d3-color": "3",
        "d3-contour": "4",
        "d3-delaunay": "6",
        "d3-dispatch": "3",
        "d3-drag": "3",
        "d3-dsv": "3",
        "d3-ease": "3",
        "d3-fetch": "3",
        "d3-force": "3",
        "d3-format": "3",
        "d3-geo": "3",
        "d3-hierarchy": "3",
        "d3-interpolate": "3",
        "d3-path": "3",
        "d3-polygon": "3",
        "d3-quadtree": "3",
        "d3-random": "3",
        "d3-scale": "4",
        "d3-scale-chromatic": "3",
        "d3-selection": "3",
        "d3-shape": "3",
        "d3-time": "3",
        "d3-time-format": "4",
        "d3-timer": "3",
        "d3-transition": "3",
        "d3-zoom": "3"
      },
      "engines": {
        "node": ">=12"
      }
    },
    "node_modules/d3-array": {
      "version": "3.2.4",
      "license": "ISC",
      "dependencies": {
        "internmap": "1 - 2"
      },
      "engines": {
        "node": ">=12"
      }
    },
    "node_modules/d3-axis": {
      "version": "3.0.0",
      "license": "ISC",
      "engines": {
        "node": ">=12"
      }
    },
    "node_modules/d3-brush": {
      "version": "3.0.0",
      "license": "ISC",
      "dependencies": {
        "d3-dispatch": "1 - 3",
        "d3-drag": "2 - 3",
        "d3-interpolate": "1 - 3",
        "d3-selection": "3",
        "d3-transition": "3"
      },
      "engines": {
        "node": ">=12"
      }
    },
    "node_modules/d3-chord": {
      "version": "3.0.1",
      "license": "ISC",
      "dependencies": {
        "d3-path": "1 - 3"
      },
      "engines": {
        "node": ">=12"
      }
    },
    "node_modules/d3-color": {
      "version": "3.1.0",
      "license": "ISC",
      "engines": {
        "node": ">=12"
      }
    },
    "node_modules/d3-contour": {
      "version": "4.0.2",
      "license": "ISC",
      "dependencies": {
        "d3-array": "^3.2.0"
      },
      "engines": {
        "node": ">=12"
      }
    },
    "node_modules/d3-delaunay": {
      "version": "6.0.4",
      "license": "ISC",
      "dependencies": {
        "delaunator": "5"
      },
      "engines": {
        "node": ">=12"
      }
    },
    "node_modules/d3-dispatch": {
      "version": "3.0.1",
      "license": "ISC",
      "engines": {
        "node": ">=12"
      }
    },
    "node_modules/d3-drag": {
      "version": "3.0.0",
      "license": "ISC",
      "dependencies": {
        "d3-dispatch": "1 - 3",
        "d3-selection": "3"
      },
      "engines": {
        "node": ">=12"
      }
    },
    "node_modules/d3-dsv": {
      "version": "3.0.1",
      "license": "ISC",
      "dependencies": {
        "commander": "7",
        "iconv-lite": "0.6",
        "rw": "1"
      },
      "bin": {
        "csv2json": "bin/dsv2json.js",
        "csv2tsv": "bin/dsv2dsv.js",
        "dsv2dsv": "bin/dsv2dsv.js",
        "dsv2json": "bin/dsv2json.js",
        "json2csv": "bin/json2dsv.js",
        "json2dsv": "bin/json2dsv.js",
        "json2tsv": "bin/json2dsv.js",
        "tsv2csv": "bin/dsv2dsv.js",
        "tsv2json": "bin/dsv2json.js"
      },
      "engines": {
        "node": ">=12"
      }
    },
    "node_modules/d3-ease": {
      "version": "3.0.1",
      "license": "BSD-3-Clause",
      "engines": {
        "node": ">=12"
      }
    },
    "node_modules/d3-fetch": {
      "version": "3.0.1",
      "license": "ISC",
      "dependencies": {
        "d3-dsv": "1 - 3"
      },
      "engines": {
        "node": ">=12"
      }
    },
    "node_modules/d3-force": {
      "version": "3.0.0",
      "license": "ISC",
      "dependencies": {
        "d3-dispatch": "1 - 3",
        "d3-quadtree": "1 - 3",
        "d3-timer": "1 - 3"
      },
      "engines": {
        "node": ">=12"
      }
    },
    "node_modules/d3-format": {
      "version": "3.1.0",
      "license": "ISC",
      "engines": {
        "node": ">=12"
      }
    },
    "node_modules/d3-geo": {
      "version": "3.1.1",
      "license": "ISC",
      "dependencies": {
        "d3-array": "2.5.0 - 3"
      },
      "engines": {
        "node": ">=12"
      }
    },
    "node_modules/d3-hexbin": {
      "version": "0.2.2",
      "resolved": "https://registry.npmjs.org/d3-hexbin/-/d3-hexbin-0.2.2.tgz",
      "integrity": "sha512-KS3fUT2ReD4RlGCjvCEm1RgMtp2NFZumdMu4DBzQK8AZv3fXRM6Xm8I4fSU07UXvH4xxg03NwWKWdvxfS/yc4w==",
      "license": "BSD-3-Clause"
    },
    "node_modules/d3-hierarchy": {
      "version": "3.1.2",
      "license": "ISC",
      "engines": {
        "node": ">=12"
      }
    },
    "node_modules/d3-interpolate": {
      "version": "3.0.1",
      "license": "ISC",
      "dependencies": {
        "d3-color": "1 - 3"
      },
      "engines": {
        "node": ">=12"
      }
    },
    "node_modules/d3-path": {
      "version": "3.1.0",
      "license": "ISC",
      "engines": {
        "node": ">=12"
      }
    },
    "node_modules/d3-polygon": {
      "version": "3.0.1",
      "license": "ISC",
      "engines": {
        "node": ">=12"
      }
    },
    "node_modules/d3-quadtree": {
      "version": "3.0.1",
      "license": "ISC",
      "engines": {
        "node": ">=12"
      }
    },
    "node_modules/d3-random": {
      "version": "3.0.1",
      "license": "ISC",
      "engines": {
        "node": ">=12"
      }
    },
    "node_modules/d3-sankey": {
      "version": "0.12.3",
      "resolved": "https://registry.npmjs.org/d3-sankey/-/d3-sankey-0.12.3.tgz",
      "integrity": "sha512-nQhsBRmM19Ax5xEIPLMY9ZmJ/cDvd1BG3UVvt5h3WRxKg5zGRbvnteTyWAbzeSvlh3tW7ZEmq4VwR5mB3tutmQ==",
      "license": "BSD-3-Clause",
      "dependencies": {
        "d3-array": "1 - 2",
        "d3-shape": "^1.2.0"
      }
    },
    "node_modules/d3-sankey/node_modules/d3-array": {
      "version": "2.12.1",
      "resolved": "https://registry.npmjs.org/d3-array/-/d3-array-2.12.1.tgz",
      "integrity": "sha512-B0ErZK/66mHtEsR1TkPEEkwdy+WDesimkM5gpZr5Dsg54BiTA5RXtYW5qTLIAcekaS9xfZrzBLF/OAkB3Qn1YQ==",
      "license": "BSD-3-Clause",
      "dependencies": {
        "internmap": "^1.0.0"
      }
    },
    "node_modules/d3-sankey/node_modules/d3-path": {
      "version": "1.0.9",
      "resolved": "https://registry.npmjs.org/d3-path/-/d3-path-1.0.9.tgz",
      "integrity": "sha512-VLaYcn81dtHVTjEHd8B+pbe9yHWpXKZUC87PzoFmsFrJqgFwDe/qxfp5MlfsfM1V5E/iVt0MmEbWQ7FVIXh/bg==",
      "license": "BSD-3-Clause"
    },
    "node_modules/d3-sankey/node_modules/d3-shape": {
      "version": "1.3.7",
      "resolved": "https://registry.npmjs.org/d3-shape/-/d3-shape-1.3.7.tgz",
      "integrity": "sha512-EUkvKjqPFUAZyOlhY5gzCxCeI0Aep04LwIRpsZ/mLFelJiUfnK56jo5JMDSE7yyP2kLSb6LtF+S5chMk7uqPqw==",
      "license": "BSD-3-Clause",
      "dependencies": {
        "d3-path": "1"
      }
    },
    "node_modules/d3-sankey/node_modules/internmap": {
      "version": "1.0.1",
      "resolved": "https://registry.npmjs.org/internmap/-/internmap-1.0.1.tgz",
      "integrity": "sha512-lDB5YccMydFBtasVtxnZ3MRBHuaoE8GKsppq+EchKL2U4nK/DmEpPHNH8MZe5HkMtpSiTSOZwfN0tzYjO/lJEw==",
      "license": "ISC"
    },
    "node_modules/d3-scale": {
      "version": "4.0.2",
      "license": "ISC",
      "dependencies": {
        "d3-array": "2.10.0 - 3",
        "d3-format": "1 - 3",
        "d3-interpolate": "1.2.0 - 3",
        "d3-time": "2.1.1 - 3",
        "d3-time-format": "2 - 4"
      },
      "engines": {
        "node": ">=12"
      }
    },
    "node_modules/d3-scale-chromatic": {
      "version": "3.1.0",
      "license": "ISC",
      "dependencies": {
        "d3-color": "1 - 3",
        "d3-interpolate": "1 - 3"
      },
      "engines": {
        "node": ">=12"
      }
    },
    "node_modules/d3-selection": {
      "version": "3.0.0",
      "license": "ISC",
      "engines": {
        "node": ">=12"
      }
    },
    "node_modules/d3-shape": {
      "version": "3.2.0",
      "license": "ISC",
      "dependencies": {
        "d3-path": "^3.1.0"
      },
      "engines": {
        "node": ">=12"
      }
    },
    "node_modules/d3-time": {
      "version": "3.1.0",
      "license": "ISC",
      "dependencies": {
        "d3-array": "2 - 3"
      },
      "engines": {
        "node": ">=12"
      }
    },
    "node_modules/d3-time-format": {
      "version": "4.1.0",
      "license": "ISC",
      "dependencies": {
        "d3-time": "1 - 3"
      },
      "engines": {
        "node": ">=12"
      }
    },
    "node_modules/d3-timer": {
      "version": "3.0.1",
      "license": "ISC",
      "engines": {
        "node": ">=12"
      }
    },
    "node_modules/d3-transition": {
      "version": "3.0.1",
      "license": "ISC",
      "dependencies": {
        "d3-color": "1 - 3",
        "d3-dispatch": "1 - 3",
        "d3-ease": "1 - 3",
        "d3-interpolate": "1 - 3",
        "d3-timer": "1 - 3"
      },
      "engines": {
        "node": ">=12"
      },
      "peerDependencies": {
        "d3-selection": "2 - 3"
      }
    },
    "node_modules/d3-zoom": {
      "version": "3.0.0",
      "license": "ISC",
      "dependencies": {
        "d3-dispatch": "1 - 3",
        "d3-drag": "2 - 3",
        "d3-interpolate": "1 - 3",
        "d3-selection": "2 - 3",
        "d3-transition": "2 - 3"
      },
      "engines": {
        "node": ">=12"
      }
    },
    "node_modules/delaunator": {
      "version": "5.0.1",
      "license": "ISC",
      "dependencies": {
        "robust-predicates": "^3.0.2"
      }
    },
    "node_modules/iconv-lite": {
      "version": "0.6.3",
      "license": "MIT",
      "dependencies": {
        "safer-buffer": ">= 2.1.2 < 3.0.0"
      },
      "engines": {
        "node": ">=0.10.0"
      }
    },
    "node_modules/internmap": {
      "version": "2.0.3",
      "license": "ISC",
      "engines": {
        "node": ">=12"
      }
    },
    "node_modules/npm-check-updates": {
      "version": "19.6.3",
      "resolved": "https://registry.npmjs.org/npm-check-updates/-/npm-check-updates-19.6.3.tgz",
      "integrity": "sha512-VAt9Bp26eLaymZ0nZyh5n/by+YZIuegXlvWR0yv1zBqd984f8VnEnBbn+1lS3nN5LyEjn62BJ+yYgzNSpb6Gzg==",
      "dev": true,
      "license": "Apache-2.0",
      "bin": {
        "ncu": "build/cli.js",
        "npm-check-updates": "build/cli.js"
      },
      "engines": {
        "node": ">=20.0.0",
        "npm": ">=8.12.1"
      }
    },
    "node_modules/oxlint": {
      "version": "1.55.0",
      "resolved": "https://registry.npmjs.org/oxlint/-/oxlint-1.55.0.tgz",
      "integrity": "sha512-T+FjepiyWpaZMhekqRpH8Z3I4vNM610p6w+Vjfqgj5TZUxHXl7N8N5IPvmOU8U4XdTRxqtNNTh9Y4hLtr7yvFg==",
      "dev": true,
      "license": "MIT",
      "bin": {
        "oxlint": "bin/oxlint"
      },
      "engines": {
        "node": "^20.19.0 || >=22.12.0"
      },
      "funding": {
        "url": "https://github.com/sponsors/Boshen"
      },
      "optionalDependencies": {
        "@oxlint/binding-android-arm-eabi": "1.55.0",
        "@oxlint/binding-android-arm64": "1.55.0",
        "@oxlint/binding-darwin-arm64": "1.55.0",
        "@oxlint/binding-darwin-x64": "1.55.0",
        "@oxlint/binding-freebsd-x64": "1.55.0",
        "@oxlint/binding-linux-arm-gnueabihf": "1.55.0",
        "@oxlint/binding-linux-arm-musleabihf": "1.55.0",
        "@oxlint/binding-linux-arm64-gnu": "1.55.0",
        "@oxlint/binding-linux-arm64-musl": "1.55.0",
        "@oxlint/binding-linux-ppc64-gnu": "1.55.0",
        "@oxlint/binding-linux-riscv64-gnu": "1.55.0",
        "@oxlint/binding-linux-riscv64-musl": "1.55.0",
        "@oxlint/binding-linux-s390x-gnu": "1.55.0",
        "@oxlint/binding-linux-x64-gnu": "1.55.0",
        "@oxlint/binding-linux-x64-musl": "1.55.0",
        "@oxlint/binding-openharmony-arm64": "1.55.0",
        "@oxlint/binding-win32-arm64-msvc": "1.55.0",
        "@oxlint/binding-win32-ia32-msvc": "1.55.0",
        "@oxlint/binding-win32-x64-msvc": "1.55.0"
      },
      "peerDependencies": {
        "oxlint-tsgolint": ">=0.15.0"
      },
      "peerDependenciesMeta": {
        "oxlint-tsgolint": {
          "optional": true
        }
      }
    },
    "node_modules/prettier": {
      "version": "3.8.1",
      "resolved": "https://registry.npmjs.org/prettier/-/prettier-3.8.1.tgz",
      "integrity": "sha512-UOnG6LftzbdaHZcKoPFtOcCKztrQ57WkHDeRD9t/PTQtmT0NHSeWWepj6pS0z/N7+08BHFDQVUrfmfMRcZwbMg==",
      "dev": true,
      "license": "MIT",
      "bin": {
        "prettier": "bin/prettier.cjs"
      },
      "engines": {
        "node": ">=14"
      },
      "funding": {
        "url": "https://github.com/prettier/prettier?sponsor=1"
      }
    },
    "node_modules/robust-predicates": {
      "version": "3.0.2",
      "license": "Unlicense"
    },
    "node_modules/rw": {
      "version": "1.3.3",
      "license": "BSD-3-Clause"
    },
    "node_modules/safer-buffer": {
      "version": "2.1.2",
      "license": "MIT"
    },
    "node_modules/versor": {
      "version": "0.2.0",
      "resolved": "https://registry.npmjs.org/versor/-/versor-0.2.0.tgz",
      "integrity": "sha512-2UJ32VNh+lMUP9RlLoneEdrnupW3eIM9TGdTuaa+HSUqKACt9Vvw+xoGFGdd0YsUnGidTNyuxdhQRhJVpDAvqw==",
      "license": "ISC",
      "engines": {
        "node": ">=12"
      }
    }
  }
}
