// !$*UTF8*$!
{
	archiveVersion = 1;
	classes = {
	};
	objectVersion = 77;
	objects = {

/* Begin PBXBuildFile section */
		069D03F06DC906A69D726B7C /* LimiterViewController.swift in Sources */ = {isa = PBXBuildFile; fileRef = A1447E3F9F03477A6FA414DC /* LimiterViewController.swift */; };
		069F33FE6C7621E14D7B50D2 /* AudioToolbox.framework in Frameworks */ = {isa = PBXBuildFile; fileRef = 1FAEDA2E5D4272909D1EB3FE /* AudioToolbox.framework */; };
		0762986804F618379F904F4A /* GateAudioUnit.swift in Sources */ = {isa = PBXBuildFile; fileRef = 44C68A3F49BB297EC1CB97C7 /* GateAudioUnit.swift */; };
		0CAA7A594C1FF20C6976E73D /* CoreAudioKit.framework in Frameworks */ = {isa = PBXBuildFile; fileRef = 2121A680DAFBEC30DACBBC2D /* CoreAudioKit.framework */; };
		1302C8D8F43B85C5BFF7D44E /* AudioToolbox.framework in Frameworks */ = {isa = PBXBuildFile; fileRef = 1FAEDA2E5D4272909D1EB3FE /* AudioToolbox.framework */; };
		14C7AE54AA637DCD52A99E48 /* AudioToolbox.framework in Frameworks */ = {isa = PBXBuildFile; fileRef = 1FAEDA2E5D4272909D1EB3FE /* AudioToolbox.framework */; };
		1DD0EB0388CFBE890D7DA482 /* DelayAudioUnit.appex in Embed Foundation Extensions */ = {isa = PBXBuildFile; fileRef = BD2889964AD6542E5D891773 /* DelayAudioUnit.appex */; settings = {ATTRIBUTES = (RemoveHeadersOnCopy, ); }; };
		1E4A767480870F1B8B845290 /* GenericRustAudioUnit.swift in Sources */ = {isa = PBXBuildFile; fileRef = 663F32EE51A98F4EE012708A /* GenericRustAudioUnit.swift */; };
		205092137DC40B6F55A35F6A /* AppDelegate.swift in Sources */ = {isa = PBXBuildFile; fileRef = 71C42DBA3E8C368B60556A63 /* AppDelegate.swift */; };
		21F1B26581DD8FCB718DB4FB /* CoreAudioKit.framework in Frameworks */ = {isa = PBXBuildFile; fileRef = 2121A680DAFBEC30DACBBC2D /* CoreAudioKit.framework */; };
		222AA205D4A06D7E208C0755 /* CoreAudioKit.framework in Frameworks */ = {isa = PBXBuildFile; fileRef = 2121A680DAFBEC30DACBBC2D /* CoreAudioKit.framework */; };
		4354A6F5A7FD00054EBD71C0 /* GainAudioUnit.swift in Sources */ = {isa = PBXBuildFile; fileRef = 29D3F1A3CEC47383E8F17AD4 /* GainAudioUnit.swift */; };
		4532FE1C25583BBBB877783F /* EQViewController.swift in Sources */ = {isa = PBXBuildFile; fileRef = BC4FB5E50EE778B07B255779 /* EQViewController.swift */; };
		48E7F8B6A223DA8FC429888D /* EQAudioUnit.appex in Embed Foundation Extensions */ = {isa = PBXBuildFile; fileRef = DD7BE16A411963C349D2A41D /* EQAudioUnit.appex */; settings = {ATTRIBUTES = (RemoveHeadersOnCopy, ); }; };
		4D41A9D18EC821AF287E8420 /* AudioToolbox.framework in Frameworks */ = {isa = PBXBuildFile; fileRef = 1FAEDA2E5D4272909D1EB3FE /* AudioToolbox.framework */; };
		4F422056E38E00E2D65DA909 /* ViewController.swift in Sources */ = {isa = PBXBuildFile; fileRef = 84BDC522A6395C49A62E20CA /* ViewController.swift */; };
		53C1C28016F534E40AC5D2B6 /* GenericRustAudioUnit.swift in Sources */ = {isa = PBXBuildFile; fileRef = 663F32EE51A98F4EE012708A /* GenericRustAudioUnit.swift */; };
		54E5BA442032771BDECF1BBF /* CompressorAudioUnit.appex in Embed Foundation Extensions */ = {isa = PBXBuildFile; fileRef = B6F3FAE3B4C7A8813A06F7DB /* CompressorAudioUnit.appex */; settings = {ATTRIBUTES = (RemoveHeadersOnCopy, ); }; };
		62BB508E5476DA8E96C87BA1 /* AVFoundation.framework in Frameworks */ = {isa = PBXBuildFile; fileRef = C3AB38A7E788CEC95A6D1F27 /* AVFoundation.framework */; };
		68175B14A99E7CA76216AA01 /* AVFoundation.framework in Frameworks */ = {isa = PBXBuildFile; fileRef = C3AB38A7E788CEC95A6D1F27 /* AVFoundation.framework */; };
		6D1DD5E44CCE03814ED291ED /* DelayViewController.swift in Sources */ = {isa = PBXBuildFile; fileRef = BC009CE78DC1FEAF730DDEC8 /* DelayViewController.swift */; };
		72C1FB38A93FDDCF93B0CE99 /* GenericRustAudioUnit.swift in Sources */ = {isa = PBXBuildFile; fileRef = 663F32EE51A98F4EE012708A /* GenericRustAudioUnit.swift */; };
		72CFC70EDEC69917327CBFF3 /* CoreAudioKit.framework in Frameworks */ = {isa = PBXBuildFile; fileRef = 2121A680DAFBEC30DACBBC2D /* CoreAudioKit.framework */; };
		7550D5AB525E85287CD023E3 /* GenericRustAudioUnit.swift in Sources */ = {isa = PBXBuildFile; fileRef = 663F32EE51A98F4EE012708A /* GenericRustAudioUnit.swift */; };
		7AA23C4CFE936BCD5B12BED1 /* AVFoundation.framework in Frameworks */ = {isa = PBXBuildFile; fileRef = C3AB38A7E788CEC95A6D1F27 /* AVFoundation.framework */; };
		7DBE9498F288C09AF043DA24 /* CompressorViewController.swift in Sources */ = {isa = PBXBuildFile; fileRef = F84F775148978093A4924846 /* CompressorViewController.swift */; };
		969F5C61744B592134AC5F1F /* AudioToolbox.framework in Frameworks */ = {isa = PBXBuildFile; fileRef = 1FAEDA2E5D4272909D1EB3FE /* AudioToolbox.framework */; };
		9979878D4D2912BD149FCB0C /* DelayAudioUnit.swift in Sources */ = {isa = PBXBuildFile; fileRef = 4017E4669B2700E9C0A9063B /* DelayAudioUnit.swift */; };
		A2A7D1DBB2C72ED76E9EFA55 /* LimiterAudioUnit.swift in Sources */ = {isa = PBXBuildFile; fileRef = F0F5B0727123B5D4C746DB53 /* LimiterAudioUnit.swift */; };
		A2E723AD2E26F1108DF833B4 /* GenericRustAudioUnit.swift in Sources */ = {isa = PBXBuildFile; fileRef = 663F32EE51A98F4EE012708A /* GenericRustAudioUnit.swift */; };
		A5973D941C069715B32BE24E /* GainViewController.swift in Sources */ = {isa = PBXBuildFile; fileRef = F7F1A54794105DD6AA1901B4 /* GainViewController.swift */; };
		A7DEA9CBCBA9FC5F9D83F32E /* Main.storyboard in Resources */ = {isa = PBXBuildFile; fileRef = 584BB2AEC6B0994DFE571F9F /* Main.storyboard */; };
		A906695CA0E79B683238E730 /* CoreAudioKit.framework in Frameworks */ = {isa = PBXBuildFile; fileRef = 2121A680DAFBEC30DACBBC2D /* CoreAudioKit.framework */; };
		B6BA1F19C1517D5D67221CD4 /* CompressorAudioUnit.swift in Sources */ = {isa = PBXBuildFile; fileRef = B251BC66F81685B8B725F553 /* CompressorAudioUnit.swift */; };
		C2706B2C2CB2896CC756A612 /* AVFoundation.framework in Frameworks */ = {isa = PBXBuildFile; fileRef = C3AB38A7E788CEC95A6D1F27 /* AVFoundation.framework */; };
		C8A32B3B76193E425AA9DFAE /* GateViewController.swift in Sources */ = {isa = PBXBuildFile; fileRef = 616C27B2D26892F80ED2E2B2 /* GateViewController.swift */; };
		CC4CE159F24E227D5B90A1AD /* AudioToolbox.framework in Frameworks */ = {isa = PBXBuildFile; fileRef = 1FAEDA2E5D4272909D1EB3FE /* AudioToolbox.framework */; };
		CE650B4D4DEE6A328DB8F5C3 /* GainAudioUnit.appex in Embed Foundation Extensions */ = {isa = PBXBuildFile; fileRef = 0D43EAE3E478F712584F82C7 /* GainAudioUnit.appex */; settings = {ATTRIBUTES = (RemoveHeadersOnCopy, ); }; };
		D2041FB5A53E62918754B2DD /* LimiterAudioUnit.appex in Embed Foundation Extensions */ = {isa = PBXBuildFile; fileRef = 380AAE23EA83890F36A42573 /* LimiterAudioUnit.appex */; settings = {ATTRIBUTES = (RemoveHeadersOnCopy, ); }; };
		D412ADF950D887B414256A2A /* CoreAudioKit.framework in Frameworks */ = {isa = PBXBuildFile; fileRef = 2121A680DAFBEC30DACBBC2D /* CoreAudioKit.framework */; };
		DE1CF7A92210BA9F43BE8EB8 /* EQAudioUnit.swift in Sources */ = {isa = PBXBuildFile; fileRef = 362CB68B363B6FEB4A23FF2B /* EQAudioUnit.swift */; };
		E6E11A5ECE24956BD6914565 /* GateAudioUnit.appex in Embed Foundation Extensions */ = {isa = PBXBuildFile; fileRef = 341D66E33B7AD4BB1C27198F /* GateAudioUnit.appex */; settings = {ATTRIBUTES = (RemoveHeadersOnCopy, ); }; };
		EF14D797688C825F968D8A5C /* AVFoundation.framework in Frameworks */ = {isa = PBXBuildFile; fileRef = C3AB38A7E788CEC95A6D1F27 /* AVFoundation.framework */; };
		F7E3C62D246925340EB54868 /* GenericRustAudioUnit.swift in Sources */ = {isa = PBXBuildFile; fileRef = 663F32EE51A98F4EE012708A /* GenericRustAudioUnit.swift */; };
		FF8B1F4FC01D80119D242B08 /* AVFoundation.framework in Frameworks */ = {isa = PBXBuildFile; fileRef = C3AB38A7E788CEC95A6D1F27 /* AVFoundation.framework */; };
/* End PBXBuildFile section */

/* Begin PBXContainerItemProxy section */
		089F3B19040C963429A8C583 /* PBXContainerItemProxy */ = {
			isa = PBXContainerItemProxy;
			containerPortal = 276DEC5F2AEE49D20BB0748F /* Project object */;
			proxyType = 1;
			remoteGlobalIDString = 7BEB67E9BB65AFCF96BAC5D6;
			remoteInfo = EQAudioUnit;
		};
		0B6B8A0B125D150752F06A88 /* PBXContainerItemProxy */ = {
			isa = PBXContainerItemProxy;
			containerPortal = 276DEC5F2AEE49D20BB0748F /* Project object */;
			proxyType = 1;
			remoteGlobalIDString = 915E564E4F3A2DBFE6217258;
			remoteInfo = GateAudioUnit;
		};
		0C4A0B4D58EC585F7580DC76 /* PBXContainerItemProxy */ = {
			isa = PBXContainerItemProxy;
			containerPortal = 276DEC5F2AEE49D20BB0748F /* Project object */;
			proxyType = 1;
			remoteGlobalIDString = C88189D3A29E75A0A32155A7;
			remoteInfo = DelayAudioUnit;
		};
		644E9E676703D9E32933311A /* PBXContainerItemProxy */ = {
			isa = PBXContainerItemProxy;
			containerPortal = 276DEC5F2AEE49D20BB0748F /* Project object */;
			proxyType = 1;
			remoteGlobalIDString = D1A4212137548F299946D49F;
			remoteInfo = GainAudioUnit;
		};
		7C7A5DC8B48E0F405079F1ED /* PBXContainerItemProxy */ = {
			isa = PBXContainerItemProxy;
			containerPortal = 276DEC5F2AEE49D20BB0748F /* Project object */;
			proxyType = 1;
			remoteGlobalIDString = 79F449AFDA4FB44349FFD943;
			remoteInfo = CompressorAudioUnit;
		};
		CBAA72FADB5D6C5D7D6A3CD9 /* PBXContainerItemProxy */ = {
			isa = PBXContainerItemProxy;
			containerPortal = 276DEC5F2AEE49D20BB0748F /* Project object */;
			proxyType = 1;
			remoteGlobalIDString = 378FD01D4213BBDF3E24B54F;
			remoteInfo = LimiterAudioUnit;
		};
/* End PBXContainerItemProxy section */

/* Begin PBXCopyFilesBuildPhase section */
		431DBA0FAC008B3777E6EF17 /* Embed Foundation Extensions */ = {
			isa = PBXCopyFilesBuildPhase;
			buildActionMask = 2147483647;
			dstPath = "";
			dstSubfolderSpec = 13;
			files = (
				48E7F8B6A223DA8FC429888D /* EQAudioUnit.appex in Embed Foundation Extensions */,
				54E5BA442032771BDECF1BBF /* CompressorAudioUnit.appex in Embed Foundation Extensions */,
				D2041FB5A53E62918754B2DD /* LimiterAudioUnit.appex in Embed Foundation Extensions */,
				E6E11A5ECE24956BD6914565 /* GateAudioUnit.appex in Embed Foundation Extensions */,
				CE650B4D4DEE6A328DB8F5C3 /* GainAudioUnit.appex in Embed Foundation Extensions */,
				1DD0EB0388CFBE890D7DA482 /* DelayAudioUnit.appex in Embed Foundation Extensions */,
			);
			name = "Embed Foundation Extensions";
			runOnlyForDeploymentPostprocessing = 0;
		};
/* End PBXCopyFilesBuildPhase section */

/* Begin PBXFileReference section */
		05173AAC98E0A8B7E8C1A8AF /* CompressorAudioUnit.entitlements */ = {isa = PBXFileReference; lastKnownFileType = text.plist.entitlements; path = CompressorAudioUnit.entitlements; sourceTree = "<group>"; };
		07ED0EE6728FED317985601C /* SOTFAudioUnits.app */ = {isa = PBXFileReference; explicitFileType = wrapper.application; includeInIndex = 0; path = SOTFAudioUnits.app; sourceTree = BUILT_PRODUCTS_DIR; };
		0D43EAE3E478F712584F82C7 /* GainAudioUnit.appex */ = {isa = PBXFileReference; explicitFileType = "wrapper.app-extension"; includeInIndex = 0; path = GainAudioUnit.appex; sourceTree = BUILT_PRODUCTS_DIR; };
		1F6CA7EDC36C5C48C817CDF2 /* Info.plist */ = {isa = PBXFileReference; lastKnownFileType = text.plist; path = Info.plist; sourceTree = "<group>"; };
		1FAEDA2E5D4272909D1EB3FE /* AudioToolbox.framework */ = {isa = PBXFileReference; lastKnownFileType = wrapper.framework; name = AudioToolbox.framework; path = System/Library/Frameworks/AudioToolbox.framework; sourceTree = SDKROOT; };
		2121A680DAFBEC30DACBBC2D /* CoreAudioKit.framework */ = {isa = PBXFileReference; lastKnownFileType = wrapper.framework; name = CoreAudioKit.framework; path = System/Library/Frameworks/CoreAudioKit.framework; sourceTree = SDKROOT; };
		21ED5ABB772DB77BEBADBAE8 /* Info.plist */ = {isa = PBXFileReference; lastKnownFileType = text.plist; path = Info.plist; sourceTree = "<group>"; };
		220E6E0026D28AE161841FD2 /* GateAudioUnit.entitlements */ = {isa = PBXFileReference; lastKnownFileType = text.plist.entitlements; path = GateAudioUnit.entitlements; sourceTree = "<group>"; };
		29D3F1A3CEC47383E8F17AD4 /* GainAudioUnit.swift */ = {isa = PBXFileReference; lastKnownFileType = sourcecode.swift; path = GainAudioUnit.swift; sourceTree = "<group>"; };
		33F64EDDFBD95752DA855F23 /* Info.plist */ = {isa = PBXFileReference; lastKnownFileType = text.plist; path = Info.plist; sourceTree = "<group>"; };
		341D66E33B7AD4BB1C27198F /* GateAudioUnit.appex */ = {isa = PBXFileReference; explicitFileType = "wrapper.app-extension"; includeInIndex = 0; path = GateAudioUnit.appex; sourceTree = BUILT_PRODUCTS_DIR; };
		362CB68B363B6FEB4A23FF2B /* EQAudioUnit.swift */ = {isa = PBXFileReference; lastKnownFileType = sourcecode.swift; path = EQAudioUnit.swift; sourceTree = "<group>"; };
		380AAE23EA83890F36A42573 /* LimiterAudioUnit.appex */ = {isa = PBXFileReference; explicitFileType = "wrapper.app-extension"; includeInIndex = 0; path = LimiterAudioUnit.appex; sourceTree = BUILT_PRODUCTS_DIR; };
		4017E4669B2700E9C0A9063B /* DelayAudioUnit.swift */ = {isa = PBXFileReference; lastKnownFileType = sourcecode.swift; path = DelayAudioUnit.swift; sourceTree = "<group>"; };
		44C68A3F49BB297EC1CB97C7 /* GateAudioUnit.swift */ = {isa = PBXFileReference; lastKnownFileType = sourcecode.swift; path = GateAudioUnit.swift; sourceTree = "<group>"; };
		519F62FF003C73F203EA2A2C /* DelayAudioUnit.entitlements */ = {isa = PBXFileReference; lastKnownFileType = text.plist.entitlements; path = DelayAudioUnit.entitlements; sourceTree = "<group>"; };
		584BB2AEC6B0994DFE571F9F /* Main.storyboard */ = {isa = PBXFileReference; lastKnownFileType = file.storyboard; path = Main.storyboard; sourceTree = "<group>"; };
		5E19E71C7AD1876500A8949B /* Info.plist */ = {isa = PBXFileReference; lastKnownFileType = text.plist; path = Info.plist; sourceTree = "<group>"; };
		616C27B2D26892F80ED2E2B2 /* GateViewController.swift */ = {isa = PBXFileReference; lastKnownFileType = sourcecode.swift; path = GateViewController.swift; sourceTree = "<group>"; };
		663F32EE51A98F4EE012708A /* GenericRustAudioUnit.swift */ = {isa = PBXFileReference; lastKnownFileType = sourcecode.swift; path = GenericRustAudioUnit.swift; sourceTree = "<group>"; };
		71C42DBA3E8C368B60556A63 /* AppDelegate.swift */ = {isa = PBXFileReference; lastKnownFileType = sourcecode.swift; path = AppDelegate.swift; sourceTree = "<group>"; };
		84BDC522A6395C49A62E20CA /* ViewController.swift */ = {isa = PBXFileReference; lastKnownFileType = sourcecode.swift; path = ViewController.swift; sourceTree = "<group>"; };
		955BC360164EC7F23C7A4E5C /* BridgingHeader.h */ = {isa = PBXFileReference; lastKnownFileType = sourcecode.c.h; path = BridgingHeader.h; sourceTree = "<group>"; };
		9703D0799FB858F9E2C0A5A4 /* Info.plist */ = {isa = PBXFileReference; lastKnownFileType = text.plist; path = Info.plist; sourceTree = "<group>"; };
		9D92961E925B0A0984AD58B0 /* sotf_audio_plugin_ffi.h */ = {isa = PBXFileReference; lastKnownFileType = sourcecode.c.h; path = sotf_audio_plugin_ffi.h; sourceTree = "<group>"; };
		A1447E3F9F03477A6FA414DC /* LimiterViewController.swift */ = {isa = PBXFileReference; lastKnownFileType = sourcecode.swift; path = LimiterViewController.swift; sourceTree = "<group>"; };
		B251BC66F81685B8B725F553 /* CompressorAudioUnit.swift */ = {isa = PBXFileReference; lastKnownFileType = sourcecode.swift; path = CompressorAudioUnit.swift; sourceTree = "<group>"; };
		B6F3FAE3B4C7A8813A06F7DB /* CompressorAudioUnit.appex */ = {isa = PBXFileReference; explicitFileType = "wrapper.app-extension"; includeInIndex = 0; path = CompressorAudioUnit.appex; sourceTree = BUILT_PRODUCTS_DIR; };
		B763619FF8FA710D3366075C /* SOTFAudioUnits.entitlements */ = {isa = PBXFileReference; lastKnownFileType = text.plist.entitlements; path = SOTFAudioUnits.entitlements; sourceTree = "<group>"; };
		B798524C186472939A9780D0 /* EQAudioUnit.entitlements */ = {isa = PBXFileReference; lastKnownFileType = text.plist.entitlements; path = EQAudioUnit.entitlements; sourceTree = "<group>"; };
		BC009CE78DC1FEAF730DDEC8 /* DelayViewController.swift */ = {isa = PBXFileReference; lastKnownFileType = sourcecode.swift; path = DelayViewController.swift; sourceTree = "<group>"; };
		BC4FB5E50EE778B07B255779 /* EQViewController.swift */ = {isa = PBXFileReference; lastKnownFileType = sourcecode.swift; path = EQViewController.swift; sourceTree = "<group>"; };
		BD2889964AD6542E5D891773 /* DelayAudioUnit.appex */ = {isa = PBXFileReference; explicitFileType = "wrapper.app-extension"; includeInIndex = 0; path = DelayAudioUnit.appex; sourceTree = BUILT_PRODUCTS_DIR; };
		C3AB38A7E788CEC95A6D1F27 /* AVFoundation.framework */ = {isa = PBXFileReference; lastKnownFileType = wrapper.framework; name = AVFoundation.framework; path = System/Library/Frameworks/AVFoundation.framework; sourceTree = SDKROOT; };
		C487B29D2A8843C4E312521F /* GainAudioUnit.entitlements */ = {isa = PBXFileReference; lastKnownFileType = text.plist.entitlements; path = GainAudioUnit.entitlements; sourceTree = "<group>"; };
		D07098789949AA46E36FE5FF /* Info.plist */ = {isa = PBXFileReference; lastKnownFileType = text.plist; path = Info.plist; sourceTree = "<group>"; };
		D7E9D3C71E99E0E68BB4AA71 /* Info.plist */ = {isa = PBXFileReference; lastKnownFileType = text.plist; path = Info.plist; sourceTree = "<group>"; };
		DD7BE16A411963C349D2A41D /* EQAudioUnit.appex */ = {isa = PBXFileReference; explicitFileType = "wrapper.app-extension"; includeInIndex = 0; path = EQAudioUnit.appex; sourceTree = BUILT_PRODUCTS_DIR; };
		DDFD405D39771E00EF3BDB25 /* LimiterAudioUnit.entitlements */ = {isa = PBXFileReference; lastKnownFileType = text.plist.entitlements; path = LimiterAudioUnit.entitlements; sourceTree = "<group>"; };
		F0F5B0727123B5D4C746DB53 /* LimiterAudioUnit.swift */ = {isa = PBXFileReference; lastKnownFileType = sourcecode.swift; path = LimiterAudioUnit.swift; sourceTree = "<group>"; };
		F7F1A54794105DD6AA1901B4 /* GainViewController.swift */ = {isa = PBXFileReference; lastKnownFileType = sourcecode.swift; path = GainViewController.swift; sourceTree = "<group>"; };
		F84F775148978093A4924846 /* CompressorViewController.swift */ = {isa = PBXFileReference; lastKnownFileType = sourcecode.swift; path = CompressorViewController.swift; sourceTree = "<group>"; };
/* End PBXFileReference section */

/* Begin PBXFrameworksBuildPhase section */
		0A2339BCC8D987B4BDA3662A /* Frameworks */ = {
			isa = PBXFrameworksBuildPhase;
			buildActionMask = 2147483647;
			files = (
				FF8B1F4FC01D80119D242B08 /* AVFoundation.framework in Frameworks */,
				1302C8D8F43B85C5BFF7D44E /* AudioToolbox.framework in Frameworks */,
				72CFC70EDEC69917327CBFF3 /* CoreAudioKit.framework in Frameworks */,
			);
			runOnlyForDeploymentPostprocessing = 0;
		};
		43F43DE0075630E79CC078A7 /* Frameworks */ = {
			isa = PBXFrameworksBuildPhase;
			buildActionMask = 2147483647;
			files = (
				68175B14A99E7CA76216AA01 /* AVFoundation.framework in Frameworks */,
				CC4CE159F24E227D5B90A1AD /* AudioToolbox.framework in Frameworks */,
				222AA205D4A06D7E208C0755 /* CoreAudioKit.framework in Frameworks */,
			);
			runOnlyForDeploymentPostprocessing = 0;
		};
		459685D7EFA8012EC5EF6FB4 /* Frameworks */ = {
			isa = PBXFrameworksBuildPhase;
			buildActionMask = 2147483647;
			files = (
				7AA23C4CFE936BCD5B12BED1 /* AVFoundation.framework in Frameworks */,
				069F33FE6C7621E14D7B50D2 /* AudioToolbox.framework in Frameworks */,
				D412ADF950D887B414256A2A /* CoreAudioKit.framework in Frameworks */,
			);
			runOnlyForDeploymentPostprocessing = 0;
		};
		45CC0181940796D8EAD017EF /* Frameworks */ = {
			isa = PBXFrameworksBuildPhase;
			buildActionMask = 2147483647;
			files = (
				C2706B2C2CB2896CC756A612 /* AVFoundation.framework in Frameworks */,
				4D41A9D18EC821AF287E8420 /* AudioToolbox.framework in Frameworks */,
				0CAA7A594C1FF20C6976E73D /* CoreAudioKit.framework in Frameworks */,
			);
			runOnlyForDeploymentPostprocessing = 0;
		};
		65E4BC04AFD7AA33572299C4 /* Frameworks */ = {
			isa = PBXFrameworksBuildPhase;
			buildActionMask = 2147483647;
			files = (
				62BB508E5476DA8E96C87BA1 /* AVFoundation.framework in Frameworks */,
				969F5C61744B592134AC5F1F /* AudioToolbox.framework in Frameworks */,
				21F1B26581DD8FCB718DB4FB /* CoreAudioKit.framework in Frameworks */,
			);
			runOnlyForDeploymentPostprocessing = 0;
		};
		7B99C7E87DD49248EA9F231E /* Frameworks */ = {
			isa = PBXFrameworksBuildPhase;
			buildActionMask = 2147483647;
			files = (
				EF14D797688C825F968D8A5C /* AVFoundation.framework in Frameworks */,
				14C7AE54AA637DCD52A99E48 /* AudioToolbox.framework in Frameworks */,
				A906695CA0E79B683238E730 /* CoreAudioKit.framework in Frameworks */,
			);
			runOnlyForDeploymentPostprocessing = 0;
		};
/* End PBXFrameworksBuildPhase section */

/* Begin PBXGroup section */
		12D558F2C2CFE733CC23FD6F = {
			isa = PBXGroup;
			children = (
				600BA63CFADF805188A5AC8F /* App */,
				F501DA7C197771E6B6BA7C8B /* CompressorAudioUnit */,
				5E4B7F36D35D73948191B167 /* DelayAudioUnit */,
				CB32BACEBBE16D1C430FDA06 /* EQAudioUnit */,
				5545D6CE9C63464AF116DA08 /* GainAudioUnit */,
				C39A78FDFCA19BAF76D589D3 /* GateAudioUnit */,
				770C78E311B7E68B28AC859C /* GenericAU */,
				AA15A1BF586E9EB29E5B75EB /* LimiterAudioUnit */,
				253FD71DE205C0B738E243D6 /* Shared */,
				B8F25B435506E2241EBD16B2 /* Frameworks */,
				5228707D442E24ACE180137A /* Products */,
			);
			sourceTree = "<group>";
		};
		253FD71DE205C0B738E243D6 /* Shared */ = {
			isa = PBXGroup;
			children = (
				955BC360164EC7F23C7A4E5C /* BridgingHeader.h */,
				9D92961E925B0A0984AD58B0 /* sotf_audio_plugin_ffi.h */,
			);
			name = Shared;
			path = Shared;
			sourceTree = "<group>";
		};
		5228707D442E24ACE180137A /* Products */ = {
			isa = PBXGroup;
			children = (
				B6F3FAE3B4C7A8813A06F7DB /* CompressorAudioUnit.appex */,
				BD2889964AD6542E5D891773 /* DelayAudioUnit.appex */,
				DD7BE16A411963C349D2A41D /* EQAudioUnit.appex */,
				0D43EAE3E478F712584F82C7 /* GainAudioUnit.appex */,
				341D66E33B7AD4BB1C27198F /* GateAudioUnit.appex */,
				380AAE23EA83890F36A42573 /* LimiterAudioUnit.appex */,
				07ED0EE6728FED317985601C /* SOTFAudioUnits.app */,
			);
			name = Products;
			sourceTree = "<group>";
		};
		5545D6CE9C63464AF116DA08 /* GainAudioUnit */ = {
			isa = PBXGroup;
			children = (
				C487B29D2A8843C4E312521F /* GainAudioUnit.entitlements */,
				29D3F1A3CEC47383E8F17AD4 /* GainAudioUnit.swift */,
				F7F1A54794105DD6AA1901B4 /* GainViewController.swift */,
				5E19E71C7AD1876500A8949B /* Info.plist */,
			);
			name = GainAudioUnit;
			path = GainAudioUnit;
			sourceTree = "<group>";
		};
		5E4B7F36D35D73948191B167 /* DelayAudioUnit */ = {
			isa = PBXGroup;
			children = (
				519F62FF003C73F203EA2A2C /* DelayAudioUnit.entitlements */,
				4017E4669B2700E9C0A9063B /* DelayAudioUnit.swift */,
				BC009CE78DC1FEAF730DDEC8 /* DelayViewController.swift */,
				33F64EDDFBD95752DA855F23 /* Info.plist */,
			);
			name = DelayAudioUnit;
			path = DelayAudioUnit;
			sourceTree = "<group>";
		};
		600BA63CFADF805188A5AC8F /* App */ = {
			isa = PBXGroup;
			children = (
				71C42DBA3E8C368B60556A63 /* AppDelegate.swift */,
				9703D0799FB858F9E2C0A5A4 /* Info.plist */,
				584BB2AEC6B0994DFE571F9F /* Main.storyboard */,
				B763619FF8FA710D3366075C /* SOTFAudioUnits.entitlements */,
				84BDC522A6395C49A62E20CA /* ViewController.swift */,
			);
			path = App;
			sourceTree = "<group>";
		};
		770C78E311B7E68B28AC859C /* GenericAU */ = {
			isa = PBXGroup;
			children = (
				663F32EE51A98F4EE012708A /* GenericRustAudioUnit.swift */,
			);
			name = GenericAU;
			path = GenericAU;
			sourceTree = "<group>";
		};
		AA15A1BF586E9EB29E5B75EB /* LimiterAudioUnit */ = {
			isa = PBXGroup;
			children = (
				1F6CA7EDC36C5C48C817CDF2 /* Info.plist */,
				DDFD405D39771E00EF3BDB25 /* LimiterAudioUnit.entitlements */,
				F0F5B0727123B5D4C746DB53 /* LimiterAudioUnit.swift */,
				A1447E3F9F03477A6FA414DC /* LimiterViewController.swift */,
			);
			name = LimiterAudioUnit;
			path = LimiterAudioUnit;
			sourceTree = "<group>";
		};
		B8F25B435506E2241EBD16B2 /* Frameworks */ = {
			isa = PBXGroup;
			children = (
				1FAEDA2E5D4272909D1EB3FE /* AudioToolbox.framework */,
				C3AB38A7E788CEC95A6D1F27 /* AVFoundation.framework */,
				2121A680DAFBEC30DACBBC2D /* CoreAudioKit.framework */,
			);
			name = Frameworks;
			sourceTree = "<group>";
		};
		C39A78FDFCA19BAF76D589D3 /* GateAudioUnit */ = {
			isa = PBXGroup;
			children = (
				220E6E0026D28AE161841FD2 /* GateAudioUnit.entitlements */,
				44C68A3F49BB297EC1CB97C7 /* GateAudioUnit.swift */,
				616C27B2D26892F80ED2E2B2 /* GateViewController.swift */,
				D7E9D3C71E99E0E68BB4AA71 /* Info.plist */,
			);
			name = GateAudioUnit;
			path = GateAudioUnit;
			sourceTree = "<group>";
		};
		CB32BACEBBE16D1C430FDA06 /* EQAudioUnit */ = {
			isa = PBXGroup;
			children = (
				B798524C186472939A9780D0 /* EQAudioUnit.entitlements */,
				362CB68B363B6FEB4A23FF2B /* EQAudioUnit.swift */,
				BC4FB5E50EE778B07B255779 /* EQViewController.swift */,
				D07098789949AA46E36FE5FF /* Info.plist */,
			);
			name = EQAudioUnit;
			path = EQAudioUnit;
			sourceTree = "<group>";
		};
		F501DA7C197771E6B6BA7C8B /* CompressorAudioUnit */ = {
			isa = PBXGroup;
			children = (
				05173AAC98E0A8B7E8C1A8AF /* CompressorAudioUnit.entitlements */,
				B251BC66F81685B8B725F553 /* CompressorAudioUnit.swift */,
				F84F775148978093A4924846 /* CompressorViewController.swift */,
				21ED5ABB772DB77BEBADBAE8 /* Info.plist */,
			);
			name = CompressorAudioUnit;
			path = CompressorAudioUnit;
			sourceTree = "<group>";
		};
/* End PBXGroup section */

/* Begin PBXNativeTarget section */
		378FD01D4213BBDF3E24B54F /* LimiterAudioUnit */ = {
			isa = PBXNativeTarget;
			buildConfigurationList = 600156C6C9D9DB798AB1024F /* Build configuration list for PBXNativeTarget "LimiterAudioUnit" */;
			buildPhases = (
				2D3E8A7B2EF471299EB89B9A /* Sources */,
				459685D7EFA8012EC5EF6FB4 /* Frameworks */,
			);
			buildRules = (
			);
			dependencies = (
			);
			name = LimiterAudioUnit;
			packageProductDependencies = (
			);
			productName = LimiterAudioUnit;
			productReference = 380AAE23EA83890F36A42573 /* LimiterAudioUnit.appex */;
			productType = "com.apple.product-type.app-extension";
		};
		79F449AFDA4FB44349FFD943 /* CompressorAudioUnit */ = {
			isa = PBXNativeTarget;
			buildConfigurationList = 10D596142E9E98CDE320B185 /* Build configuration list for PBXNativeTarget "CompressorAudioUnit" */;
			buildPhases = (
				54B0459A784F87A84A80571A /* Sources */,
				7B99C7E87DD49248EA9F231E /* Frameworks */,
			);
			buildRules = (
			);
			dependencies = (
			);
			name = CompressorAudioUnit;
			packageProductDependencies = (
			);
			productName = CompressorAudioUnit;
			productReference = B6F3FAE3B4C7A8813A06F7DB /* CompressorAudioUnit.appex */;
			productType = "com.apple.product-type.app-extension";
		};
		7BEB67E9BB65AFCF96BAC5D6 /* EQAudioUnit */ = {
			isa = PBXNativeTarget;
			buildConfigurationList = 6ADBC98A1D4FF5037A7A4D85 /* Build configuration list for PBXNativeTarget "EQAudioUnit" */;
			buildPhases = (
				7A5B86768963AFCB530D904B /* Sources */,
				45CC0181940796D8EAD017EF /* Frameworks */,
			);
			buildRules = (
			);
			dependencies = (
			);
			name = EQAudioUnit;
			packageProductDependencies = (
			);
			productName = EQAudioUnit;
			productReference = DD7BE16A411963C349D2A41D /* EQAudioUnit.appex */;
			productType = "com.apple.product-type.app-extension";
		};
		915E564E4F3A2DBFE6217258 /* GateAudioUnit */ = {
			isa = PBXNativeTarget;
			buildConfigurationList = 6D2B6B72233D16C62F83EA5E /* Build configuration list for PBXNativeTarget "GateAudioUnit" */;
			buildPhases = (
				49F1241CFA1833BBDF6D4064 /* Sources */,
				43F43DE0075630E79CC078A7 /* Frameworks */,
			);
			buildRules = (
			);
			dependencies = (
			);
			name = GateAudioUnit;
			packageProductDependencies = (
			);
			productName = GateAudioUnit;
			productReference = 341D66E33B7AD4BB1C27198F /* GateAudioUnit.appex */;
			productType = "com.apple.product-type.app-extension";
		};
		C88189D3A29E75A0A32155A7 /* DelayAudioUnit */ = {
			isa = PBXNativeTarget;
			buildConfigurationList = AFE5B917B12DB4F965737240 /* Build configuration list for PBXNativeTarget "DelayAudioUnit" */;
			buildPhases = (
				E4A1F7EA5025E44E4D54D9C5 /* Sources */,
				0A2339BCC8D987B4BDA3662A /* Frameworks */,
			);
			buildRules = (
			);
			dependencies = (
			);
			name = DelayAudioUnit;
			packageProductDependencies = (
			);
			productName = DelayAudioUnit;
			productReference = BD2889964AD6542E5D891773 /* DelayAudioUnit.appex */;
			productType = "com.apple.product-type.app-extension";
		};
		D1A4212137548F299946D49F /* GainAudioUnit */ = {
			isa = PBXNativeTarget;
			buildConfigurationList = E159F7FF23665811CDEFCA62 /* Build configuration list for PBXNativeTarget "GainAudioUnit" */;
			buildPhases = (
				9580C186D5C025CB975D9CA5 /* Sources */,
				65E4BC04AFD7AA33572299C4 /* Frameworks */,
			);
			buildRules = (
			);
			dependencies = (
			);
			name = GainAudioUnit;
			packageProductDependencies = (
			);
			productName = GainAudioUnit;
			productReference = 0D43EAE3E478F712584F82C7 /* GainAudioUnit.appex */;
			productType = "com.apple.product-type.app-extension";
		};
		E0C3ABF2793D897D35FBA20F /* SOTFAudioUnits */ = {
			isa = PBXNativeTarget;
			buildConfigurationList = 9969AED1BE912E80E1A7A510 /* Build configuration list for PBXNativeTarget "SOTFAudioUnits" */;
			buildPhases = (
				5EAF30547D020C382F914562 /* Sources */,
				8246A240C00763217170EED4 /* Resources */,
				431DBA0FAC008B3777E6EF17 /* Embed Foundation Extensions */,
			);
			buildRules = (
			);
			dependencies = (
				731734F9F01E315C8CA1DD4B /* PBXTargetDependency */,
				69738669A02A536BD5A235E5 /* PBXTargetDependency */,
				00E3AD7A7CD8CA48C68AC17F /* PBXTargetDependency */,
				EC19894F2C1260EEB9895D89 /* PBXTargetDependency */,
				5C564B75A8FB9AA5F6116987 /* PBXTargetDependency */,
				595F26A3321C0E584D149E4A /* PBXTargetDependency */,
			);
			name = SOTFAudioUnits;
			packageProductDependencies = (
			);
			productName = SOTFAudioUnits;
			productReference = 07ED0EE6728FED317985601C /* SOTFAudioUnits.app */;
			productType = "com.apple.product-type.application";
		};
/* End PBXNativeTarget section */

/* Begin PBXProject section */
		276DEC5F2AEE49D20BB0748F /* Project object */ = {
			isa = PBXProject;
			attributes = {
				BuildIndependentTargetsInParallel = YES;
				LastUpgradeCheck = 1430;
				TargetAttributes = {
					378FD01D4213BBDF3E24B54F = {
						ProvisioningStyle = Automatic;
					};
					79F449AFDA4FB44349FFD943 = {
						ProvisioningStyle = Automatic;
					};
					7BEB67E9BB65AFCF96BAC5D6 = {
						ProvisioningStyle = Automatic;
					};
					915E564E4F3A2DBFE6217258 = {
						ProvisioningStyle = Automatic;
					};
					C88189D3A29E75A0A32155A7 = {
						ProvisioningStyle = Automatic;
					};
					D1A4212137548F299946D49F = {
						ProvisioningStyle = Automatic;
					};
					E0C3ABF2793D897D35FBA20F = {
						ProvisioningStyle = Automatic;
					};
				};
			};
			buildConfigurationList = E6708343C3F9AE9D1B35CD5F /* Build configuration list for PBXProject "SOTFAudioUnits" */;
			developmentRegion = en;
			hasScannedForEncodings = 0;
			knownRegions = (
				Base,
				en,
			);
			mainGroup = 12D558F2C2CFE733CC23FD6F;
			minimizedProjectReferenceProxies = 1;
			preferredProjectObjectVersion = 77;
			productRefGroup = 5228707D442E24ACE180137A /* Products */;
			projectDirPath = "";
			projectRoot = "";
			targets = (
				79F449AFDA4FB44349FFD943 /* CompressorAudioUnit */,
				C88189D3A29E75A0A32155A7 /* DelayAudioUnit */,
				7BEB67E9BB65AFCF96BAC5D6 /* EQAudioUnit */,
				D1A4212137548F299946D49F /* GainAudioUnit */,
				915E564E4F3A2DBFE6217258 /* GateAudioUnit */,
				378FD01D4213BBDF3E24B54F /* LimiterAudioUnit */,
				E0C3ABF2793D897D35FBA20F /* SOTFAudioUnits */,
			);
		};
/* End PBXProject section */

/* Begin PBXResourcesBuildPhase section */
		8246A240C00763217170EED4 /* Resources */ = {
			isa = PBXResourcesBuildPhase;
			buildActionMask = 2147483647;
			files = (
				A7DEA9CBCBA9FC5F9D83F32E /* Main.storyboard in Resources */,
			);
			runOnlyForDeploymentPostprocessing = 0;
		};
/* End PBXResourcesBuildPhase section */

/* Begin PBXSourcesBuildPhase section */
		2D3E8A7B2EF471299EB89B9A /* Sources */ = {
			isa = PBXSourcesBuildPhase;
			buildActionMask = 2147483647;
			files = (
				72C1FB38A93FDDCF93B0CE99 /* GenericRustAudioUnit.swift in Sources */,
				A2A7D1DBB2C72ED76E9EFA55 /* LimiterAudioUnit.swift in Sources */,
				069D03F06DC906A69D726B7C /* LimiterViewController.swift in Sources */,
			);
			runOnlyForDeploymentPostprocessing = 0;
		};
		49F1241CFA1833BBDF6D4064 /* Sources */ = {
			isa = PBXSourcesBuildPhase;
			buildActionMask = 2147483647;
			files = (
				0762986804F618379F904F4A /* GateAudioUnit.swift in Sources */,
				C8A32B3B76193E425AA9DFAE /* GateViewController.swift in Sources */,
				53C1C28016F534E40AC5D2B6 /* GenericRustAudioUnit.swift in Sources */,
			);
			runOnlyForDeploymentPostprocessing = 0;
		};
		54B0459A784F87A84A80571A /* Sources */ = {
			isa = PBXSourcesBuildPhase;
			buildActionMask = 2147483647;
			files = (
				B6BA1F19C1517D5D67221CD4 /* CompressorAudioUnit.swift in Sources */,
				7DBE9498F288C09AF043DA24 /* CompressorViewController.swift in Sources */,
				A2E723AD2E26F1108DF833B4 /* GenericRustAudioUnit.swift in Sources */,
			);
			runOnlyForDeploymentPostprocessing = 0;
		};
		5EAF30547D020C382F914562 /* Sources */ = {
			isa = PBXSourcesBuildPhase;
			buildActionMask = 2147483647;
			files = (
				205092137DC40B6F55A35F6A /* AppDelegate.swift in Sources */,
				4F422056E38E00E2D65DA909 /* ViewController.swift in Sources */,
			);
			runOnlyForDeploymentPostprocessing = 0;
		};
		7A5B86768963AFCB530D904B /* Sources */ = {
			isa = PBXSourcesBuildPhase;
			buildActionMask = 2147483647;
			files = (
				DE1CF7A92210BA9F43BE8EB8 /* EQAudioUnit.swift in Sources */,
				4532FE1C25583BBBB877783F /* EQViewController.swift in Sources */,
				1E4A767480870F1B8B845290 /* GenericRustAudioUnit.swift in Sources */,
			);
			runOnlyForDeploymentPostprocessing = 0;
		};
		9580C186D5C025CB975D9CA5 /* Sources */ = {
			isa = PBXSourcesBuildPhase;
			buildActionMask = 2147483647;
			files = (
				4354A6F5A7FD00054EBD71C0 /* GainAudioUnit.swift in Sources */,
				A5973D941C069715B32BE24E /* GainViewController.swift in Sources */,
				7550D5AB525E85287CD023E3 /* GenericRustAudioUnit.swift in Sources */,
			);
			runOnlyForDeploymentPostprocessing = 0;
		};
		E4A1F7EA5025E44E4D54D9C5 /* Sources */ = {
			isa = PBXSourcesBuildPhase;
			buildActionMask = 2147483647;
			files = (
				9979878D4D2912BD149FCB0C /* DelayAudioUnit.swift in Sources */,
				6D1DD5E44CCE03814ED291ED /* DelayViewController.swift in Sources */,
				F7E3C62D246925340EB54868 /* GenericRustAudioUnit.swift in Sources */,
			);
			runOnlyForDeploymentPostprocessing = 0;
		};
/* End PBXSourcesBuildPhase section */

/* Begin PBXTargetDependency section */
		00E3AD7A7CD8CA48C68AC17F /* PBXTargetDependency */ = {
			isa = PBXTargetDependency;
			target = 378FD01D4213BBDF3E24B54F /* LimiterAudioUnit */;
			targetProxy = CBAA72FADB5D6C5D7D6A3CD9 /* PBXContainerItemProxy */;
		};
		595F26A3321C0E584D149E4A /* PBXTargetDependency */ = {
			isa = PBXTargetDependency;
			target = C88189D3A29E75A0A32155A7 /* DelayAudioUnit */;
			targetProxy = 0C4A0B4D58EC585F7580DC76 /* PBXContainerItemProxy */;
		};
		5C564B75A8FB9AA5F6116987 /* PBXTargetDependency */ = {
			isa = PBXTargetDependency;
			target = D1A4212137548F299946D49F /* GainAudioUnit */;
			targetProxy = 644E9E676703D9E32933311A /* PBXContainerItemProxy */;
		};
		69738669A02A536BD5A235E5 /* PBXTargetDependency */ = {
			isa = PBXTargetDependency;
			target = 79F449AFDA4FB44349FFD943 /* CompressorAudioUnit */;
			targetProxy = 7C7A5DC8B48E0F405079F1ED /* PBXContainerItemProxy */;
		};
		731734F9F01E315C8CA1DD4B /* PBXTargetDependency */ = {
			isa = PBXTargetDependency;
			target = 7BEB67E9BB65AFCF96BAC5D6 /* EQAudioUnit */;
			targetProxy = 089F3B19040C963429A8C583 /* PBXContainerItemProxy */;
		};
		EC19894F2C1260EEB9895D89 /* PBXTargetDependency */ = {
			isa = PBXTargetDependency;
			target = 915E564E4F3A2DBFE6217258 /* GateAudioUnit */;
			targetProxy = 0B6B8A0B125D150752F06A88 /* PBXContainerItemProxy */;
		};
/* End PBXTargetDependency section */

/* Begin XCBuildConfiguration section */
		103350743E79CFE5AE98F9A3 /* Debug */ = {
			isa = XCBuildConfiguration;
			buildSettings = {
				CODE_SIGN_ENTITLEMENTS = GateAudioUnit/GateAudioUnit.entitlements;
				CODE_SIGN_IDENTITY = "-";
				CODE_SIGN_STYLE = Automatic;
				COMBINE_HIDPI_IMAGES = YES;
				EXTENSION_SAFE_API_ONLY = YES;
				HEADER_SEARCH_PATHS = (
					"$(PROJECT_DIR)/Shared",
				);
				INFOPLIST_FILE = GateAudioUnit/Info.plist;
				LD_RUNPATH_SEARCH_PATHS = (
					"$(inherited)",
					"@executable_path/../Frameworks",
					"@executable_path/../../../../Frameworks",
				);
				LIBRARY_SEARCH_PATHS = (
					"$(PROJECT_DIR)/Resources",
				);
				MACOSX_DEPLOYMENT_TARGET = 15.0;
				OTHER_LDFLAGS = (
					"-lsotf_audio_plugins_ffi",
				);
				PRODUCT_BUNDLE_IDENTIFIER = org.spinorama.SOTFAudioUnits.GateAudioUnit;
				SDKROOT = macosx;
				SKIP_INSTALL = NO;
				SWIFT_OBJC_BRIDGING_HEADER = Shared/BridgingHeader.h;
			};
			name = Debug;
		};
		1A0BBB3C80D202CBF1927280 /* Release */ = {
			isa = XCBuildConfiguration;
			buildSettings = {
				CODE_SIGN_ENTITLEMENTS = GateAudioUnit/GateAudioUnit.entitlements;
				CODE_SIGN_IDENTITY = "-";
				CODE_SIGN_STYLE = Automatic;
				COMBINE_HIDPI_IMAGES = YES;
				EXTENSION_SAFE_API_ONLY = YES;
				HEADER_SEARCH_PATHS = (
					"$(PROJECT_DIR)/Shared",
				);
				INFOPLIST_FILE = GateAudioUnit/Info.plist;
				LD_RUNPATH_SEARCH_PATHS = (
					"$(inherited)",
					"@executable_path/../Frameworks",
					"@executable_path/../../../../Frameworks",
				);
				LIBRARY_SEARCH_PATHS = (
					"$(PROJECT_DIR)/Resources",
				);
				MACOSX_DEPLOYMENT_TARGET = 15.0;
				OTHER_LDFLAGS = (
					"-lsotf_audio_plugins_ffi",
				);
				PRODUCT_BUNDLE_IDENTIFIER = org.spinorama.SOTFAudioUnits.GateAudioUnit;
				SDKROOT = macosx;
				SKIP_INSTALL = NO;
				SWIFT_OBJC_BRIDGING_HEADER = Shared/BridgingHeader.h;
			};
			name = Release;
		};
		2EF796B4A093B03231E79AE4 /* Release */ = {
			isa = XCBuildConfiguration;
			buildSettings = {
				CODE_SIGN_ENTITLEMENTS = GainAudioUnit/GainAudioUnit.entitlements;
				CODE_SIGN_IDENTITY = "-";
				CODE_SIGN_STYLE = Automatic;
				COMBINE_HIDPI_IMAGES = YES;
				EXTENSION_SAFE_API_ONLY = YES;
				HEADER_SEARCH_PATHS = (
					"$(PROJECT_DIR)/Shared",
				);
				INFOPLIST_FILE = GainAudioUnit/Info.plist;
				LD_RUNPATH_SEARCH_PATHS = (
					"$(inherited)",
					"@executable_path/../Frameworks",
					"@executable_path/../../../../Frameworks",
				);
				LIBRARY_SEARCH_PATHS = (
					"$(PROJECT_DIR)/Resources",
				);
				MACOSX_DEPLOYMENT_TARGET = 15.0;
				OTHER_LDFLAGS = (
					"-lsotf_audio_plugins_ffi",
				);
				PRODUCT_BUNDLE_IDENTIFIER = org.spinorama.SOTFAudioUnits.GainAudioUnit;
				SDKROOT = macosx;
				SKIP_INSTALL = NO;
				SWIFT_OBJC_BRIDGING_HEADER = Shared/BridgingHeader.h;
			};
			name = Release;
		};
		3EB7EB5A80F5C9C099C3D2B5 /* Debug */ = {
			isa = XCBuildConfiguration;
			buildSettings = {
				CODE_SIGN_ENTITLEMENTS = DelayAudioUnit/DelayAudioUnit.entitlements;
				CODE_SIGN_IDENTITY = "-";
				CODE_SIGN_STYLE = Automatic;
				COMBINE_HIDPI_IMAGES = YES;
				EXTENSION_SAFE_API_ONLY = YES;
				HEADER_SEARCH_PATHS = (
					"$(PROJECT_DIR)/Shared",
				);
				INFOPLIST_FILE = DelayAudioUnit/Info.plist;
				LD_RUNPATH_SEARCH_PATHS = (
					"$(inherited)",
					"@executable_path/../Frameworks",
					"@executable_path/../../../../Frameworks",
				);
				LIBRARY_SEARCH_PATHS = (
					"$(PROJECT_DIR)/Resources",
				);
				MACOSX_DEPLOYMENT_TARGET = 15.0;
				OTHER_LDFLAGS = (
					"-lsotf_audio_plugins_ffi",
				);
				PRODUCT_BUNDLE_IDENTIFIER = org.spinorama.SOTFAudioUnits.DelayAudioUnit;
				SDKROOT = macosx;
				SKIP_INSTALL = NO;
				SWIFT_OBJC_BRIDGING_HEADER = Shared/BridgingHeader.h;
			};
			name = Debug;
		};
		5431F247D347DADDB73167EA /* Debug */ = {
			isa = XCBuildConfiguration;
			buildSettings = {
				ASSETCATALOG_COMPILER_APPICON_NAME = AppIcon;
				CODE_SIGN_ENTITLEMENTS = App/SOTFAudioUnits.entitlements;
				CODE_SIGN_IDENTITY = "-";
				CODE_SIGN_STYLE = Automatic;
				COMBINE_HIDPI_IMAGES = YES;
				INFOPLIST_FILE = App/Info.plist;
				LD_RUNPATH_SEARCH_PATHS = (
					"$(inherited)",
					"@executable_path/../Frameworks",
				);
				MACOSX_DEPLOYMENT_TARGET = 15.0;
				PRODUCT_BUNDLE_IDENTIFIER = org.spinorama.SOTFAudioUnits;
				SDKROOT = macosx;
			};
			name = Debug;
		};
		5B13FD411691CA61E9A01ADE /* Release */ = {
			isa = XCBuildConfiguration;
			buildSettings = {
				CODE_SIGN_ENTITLEMENTS = LimiterAudioUnit/LimiterAudioUnit.entitlements;
				CODE_SIGN_IDENTITY = "-";
				CODE_SIGN_STYLE = Automatic;
				COMBINE_HIDPI_IMAGES = YES;
				EXTENSION_SAFE_API_ONLY = YES;
				HEADER_SEARCH_PATHS = (
					"$(PROJECT_DIR)/Shared",
				);
				INFOPLIST_FILE = LimiterAudioUnit/Info.plist;
				LD_RUNPATH_SEARCH_PATHS = (
					"$(inherited)",
					"@executable_path/../Frameworks",
					"@executable_path/../../../../Frameworks",
				);
				LIBRARY_SEARCH_PATHS = (
					"$(PROJECT_DIR)/Resources",
				);
				MACOSX_DEPLOYMENT_TARGET = 15.0;
				OTHER_LDFLAGS = (
					"-lsotf_audio_plugins_ffi",
				);
				PRODUCT_BUNDLE_IDENTIFIER = org.spinorama.SOTFAudioUnits.LimiterAudioUnit;
				SDKROOT = macosx;
				SKIP_INSTALL = NO;
				SWIFT_OBJC_BRIDGING_HEADER = Shared/BridgingHeader.h;
			};
			name = Release;
		};
		8C0B6FC2D5D7149EA8ADA838 /* Release */ = {
			isa = XCBuildConfiguration;
			buildSettings = {
				CODE_SIGN_ENTITLEMENTS = DelayAudioUnit/DelayAudioUnit.entitlements;
				CODE_SIGN_IDENTITY = "-";
				CODE_SIGN_STYLE = Automatic;
				COMBINE_HIDPI_IMAGES = YES;
				EXTENSION_SAFE_API_ONLY = YES;
				HEADER_SEARCH_PATHS = (
					"$(PROJECT_DIR)/Shared",
				);
				INFOPLIST_FILE = DelayAudioUnit/Info.plist;
				LD_RUNPATH_SEARCH_PATHS = (
					"$(inherited)",
					"@executable_path/../Frameworks",
					"@executable_path/../../../../Frameworks",
				);
				LIBRARY_SEARCH_PATHS = (
					"$(PROJECT_DIR)/Resources",
				);
				MACOSX_DEPLOYMENT_TARGET = 15.0;
				OTHER_LDFLAGS = (
					"-lsotf_audio_plugins_ffi",
				);
				PRODUCT_BUNDLE_IDENTIFIER = org.spinorama.SOTFAudioUnits.DelayAudioUnit;
				SDKROOT = macosx;
				SKIP_INSTALL = NO;
				SWIFT_OBJC_BRIDGING_HEADER = Shared/BridgingHeader.h;
			};
			name = Release;
		};
		96BE47B59484B5B23D0AD3E0 /* Debug */ = {
			isa = XCBuildConfiguration;
			buildSettings = {
				ALWAYS_SEARCH_USER_PATHS = NO;
				CLANG_ANALYZER_NONNULL = YES;
				CLANG_ANALYZER_NUMBER_OBJECT_CONVERSION = YES_AGGRESSIVE;
				CLANG_CXX_LANGUAGE_STANDARD = "gnu++14";
				CLANG_CXX_LIBRARY = "libc++";
				CLANG_ENABLE_MODULES = YES;
				CLANG_ENABLE_OBJC_ARC = YES;
				CLANG_ENABLE_OBJC_WEAK = YES;
				CLANG_WARN_BLOCK_CAPTURE_AUTORELEASING = YES;
				CLANG_WARN_BOOL_CONVERSION = YES;
				CLANG_WARN_COMMA = YES;
				CLANG_WARN_CONSTANT_CONVERSION = YES;
				CLANG_WARN_DEPRECATED_OBJC_IMPLEMENTATIONS = YES;
				CLANG_WARN_DIRECT_OBJC_ISA_USAGE = YES_ERROR;
				CLANG_WARN_DOCUMENTATION_COMMENTS = YES;
				CLANG_WARN_EMPTY_BODY = YES;
				CLANG_WARN_ENUM_CONVERSION = YES;
				CLANG_WARN_INFINITE_RECURSION = YES;
				CLANG_WARN_INT_CONVERSION = YES;
				CLANG_WARN_NON_LITERAL_NULL_CONVERSION = YES;
				CLANG_WARN_OBJC_IMPLICIT_RETAIN_SELF = YES;
				CLANG_WARN_OBJC_LITERAL_CONVERSION = YES;
				CLANG_WARN_OBJC_ROOT_CLASS = YES_ERROR;
				CLANG_WARN_QUOTED_INCLUDE_IN_FRAMEWORK_HEADER = YES;
				CLANG_WARN_RANGE_LOOP_ANALYSIS = YES;
				CLANG_WARN_STRICT_PROTOTYPES = YES;
				CLANG_WARN_SUSPICIOUS_MOVE = YES;
				CLANG_WARN_UNGUARDED_AVAILABILITY = YES_AGGRESSIVE;
				CLANG_WARN_UNREACHABLE_CODE = YES;
				CLANG_WARN__DUPLICATE_METHOD_MATCH = YES;
				COPY_PHASE_STRIP = NO;
				CURRENT_PROJECT_VERSION = 1;
				DEBUG_INFORMATION_FORMAT = dwarf;
				ENABLE_STRICT_OBJC_MSGSEND = YES;
				ENABLE_TESTABILITY = YES;
				GCC_C_LANGUAGE_STANDARD = gnu11;
				GCC_DYNAMIC_NO_PIC = NO;
				GCC_NO_COMMON_BLOCKS = YES;
				GCC_OPTIMIZATION_LEVEL = 0;
				GCC_PREPROCESSOR_DEFINITIONS = (
					"$(inherited)",
					"DEBUG=1",
				);
				GCC_WARN_64_TO_32_BIT_CONVERSION = YES;
				GCC_WARN_ABOUT_RETURN_TYPE = YES_ERROR;
				GCC_WARN_UNDECLARED_SELECTOR = YES;
				GCC_WARN_UNINITIALIZED_AUTOS = YES_AGGRESSIVE;
				GCC_WARN_UNUSED_FUNCTION = YES;
				GCC_WARN_UNUSED_VARIABLE = YES;
				MACOSX_DEPLOYMENT_TARGET = 15.0;
				MARKETING_VERSION = 0.5.14;
				MTL_ENABLE_DEBUG_INFO = INCLUDE_SOURCE;
				MTL_FAST_MATH = YES;
				ONLY_ACTIVE_ARCH = YES;
				PRODUCT_NAME = "$(TARGET_NAME)";
				SDKROOT = macosx;
				SWIFT_ACTIVE_COMPILATION_CONDITIONS = DEBUG;
				SWIFT_OPTIMIZATION_LEVEL = "-Onone";
				SWIFT_VERSION = 6.0;
			};
			name = Debug;
		};
		A699AA1B305C2D0C4E9E4170 /* Release */ = {
			isa = XCBuildConfiguration;
			buildSettings = {
				ASSETCATALOG_COMPILER_APPICON_NAME = AppIcon;
				CODE_SIGN_ENTITLEMENTS = App/SOTFAudioUnits.entitlements;
				CODE_SIGN_IDENTITY = "-";
				CODE_SIGN_STYLE = Automatic;
				COMBINE_HIDPI_IMAGES = YES;
				INFOPLIST_FILE = App/Info.plist;
				LD_RUNPATH_SEARCH_PATHS = (
					"$(inherited)",
					"@executable_path/../Frameworks",
				);
				MACOSX_DEPLOYMENT_TARGET = 15.0;
				PRODUCT_BUNDLE_IDENTIFIER = org.spinorama.SOTFAudioUnits;
				SDKROOT = macosx;
			};
			name = Release;
		};
		AF6C1B63808BF4DD32560F20 /* Release */ = {
			isa = XCBuildConfiguration;
			buildSettings = {
				ALWAYS_SEARCH_USER_PATHS = NO;
				CLANG_ANALYZER_NONNULL = YES;
				CLANG_ANALYZER_NUMBER_OBJECT_CONVERSION = YES_AGGRESSIVE;
				CLANG_CXX_LANGUAGE_STANDARD = "gnu++14";
				CLANG_CXX_LIBRARY = "libc++";
				CLANG_ENABLE_MODULES = YES;
				CLANG_ENABLE_OBJC_ARC = YES;
				CLANG_ENABLE_OBJC_WEAK = YES;
				CLANG_WARN_BLOCK_CAPTURE_AUTORELEASING = YES;
				CLANG_WARN_BOOL_CONVERSION = YES;
				CLANG_WARN_COMMA = YES;
				CLANG_WARN_CONSTANT_CONVERSION = YES;
				CLANG_WARN_DEPRECATED_OBJC_IMPLEMENTATIONS = YES;
				CLANG_WARN_DIRECT_OBJC_ISA_USAGE = YES_ERROR;
				CLANG_WARN_DOCUMENTATION_COMMENTS = YES;
				CLANG_WARN_EMPTY_BODY = YES;
				CLANG_WARN_ENUM_CONVERSION = YES;
				CLANG_WARN_INFINITE_RECURSION = YES;
				CLANG_WARN_INT_CONVERSION = YES;
				CLANG_WARN_NON_LITERAL_NULL_CONVERSION = YES;
				CLANG_WARN_OBJC_IMPLICIT_RETAIN_SELF = YES;
				CLANG_WARN_OBJC_LITERAL_CONVERSION = YES;
				CLANG_WARN_OBJC_ROOT_CLASS = YES_ERROR;
				CLANG_WARN_QUOTED_INCLUDE_IN_FRAMEWORK_HEADER = YES;
				CLANG_WARN_RANGE_LOOP_ANALYSIS = YES;
				CLANG_WARN_STRICT_PROTOTYPES = YES;
				CLANG_WARN_SUSPICIOUS_MOVE = YES;
				CLANG_WARN_UNGUARDED_AVAILABILITY = YES_AGGRESSIVE;
				CLANG_WARN_UNREACHABLE_CODE = YES;
				CLANG_WARN__DUPLICATE_METHOD_MATCH = YES;
				COPY_PHASE_STRIP = NO;
				CURRENT_PROJECT_VERSION = 1;
				DEBUG_INFORMATION_FORMAT = "dwarf-with-dsym";
				ENABLE_NS_ASSERTIONS = NO;
				ENABLE_STRICT_OBJC_MSGSEND = YES;
				GCC_C_LANGUAGE_STANDARD = gnu11;
				GCC_NO_COMMON_BLOCKS = YES;
				GCC_WARN_64_TO_32_BIT_CONVERSION = YES;
				GCC_WARN_ABOUT_RETURN_TYPE = YES_ERROR;
				GCC_WARN_UNDECLARED_SELECTOR = YES;
				GCC_WARN_UNINITIALIZED_AUTOS = YES_AGGRESSIVE;
				GCC_WARN_UNUSED_FUNCTION = YES;
				GCC_WARN_UNUSED_VARIABLE = YES;
				MACOSX_DEPLOYMENT_TARGET = 15.0;
				MARKETING_VERSION = 0.5.14;
				MTL_ENABLE_DEBUG_INFO = NO;
				MTL_FAST_MATH = YES;
				PRODUCT_NAME = "$(TARGET_NAME)";
				SDKROOT = macosx;
				SWIFT_COMPILATION_MODE = wholemodule;
				SWIFT_OPTIMIZATION_LEVEL = "-O";
				SWIFT_VERSION = 6.0;
			};
			name = Release;
		};
		B25826C1D71EB5D4D2C3D2F8 /* Debug */ = {
			isa = XCBuildConfiguration;
			buildSettings = {
				CODE_SIGN_ENTITLEMENTS = CompressorAudioUnit/CompressorAudioUnit.entitlements;
				CODE_SIGN_IDENTITY = "-";
				CODE_SIGN_STYLE = Automatic;
				COMBINE_HIDPI_IMAGES = YES;
				EXTENSION_SAFE_API_ONLY = YES;
				HEADER_SEARCH_PATHS = (
					"$(PROJECT_DIR)/Shared",
				);
				INFOPLIST_FILE = CompressorAudioUnit/Info.plist;
				LD_RUNPATH_SEARCH_PATHS = (
					"$(inherited)",
					"@executable_path/../Frameworks",
					"@executable_path/../../../../Frameworks",
				);
				LIBRARY_SEARCH_PATHS = (
					"$(PROJECT_DIR)/Resources",
				);
				MACOSX_DEPLOYMENT_TARGET = 15.0;
				OTHER_LDFLAGS = (
					"-lsotf_audio_plugins_ffi",
				);
				PRODUCT_BUNDLE_IDENTIFIER = org.spinorama.SOTFAudioUnits.CompressorAudioUnit;
				SDKROOT = macosx;
				SKIP_INSTALL = NO;
				SWIFT_OBJC_BRIDGING_HEADER = Shared/BridgingHeader.h;
			};
			name = Debug;
		};
		C53F1B913B1FB831A84DB5AE /* Release */ = {
			isa = XCBuildConfiguration;
			buildSettings = {
				CODE_SIGN_ENTITLEMENTS = EQAudioUnit/EQAudioUnit.entitlements;
				CODE_SIGN_IDENTITY = "-";
				CODE_SIGN_STYLE = Automatic;
				COMBINE_HIDPI_IMAGES = YES;
				EXTENSION_SAFE_API_ONLY = YES;
				HEADER_SEARCH_PATHS = (
					"$(PROJECT_DIR)/Shared",
				);
				INFOPLIST_FILE = EQAudioUnit/Info.plist;
				LD_RUNPATH_SEARCH_PATHS = (
					"$(inherited)",
					"@executable_path/../Frameworks",
					"@executable_path/../../../../Frameworks",
				);
				LIBRARY_SEARCH_PATHS = (
					"$(PROJECT_DIR)/Resources",
				);
				MACOSX_DEPLOYMENT_TARGET = 15.0;
				OTHER_LDFLAGS = (
					"-lsotf_audio_plugins_ffi",
				);
				PRODUCT_BUNDLE_IDENTIFIER = org.spinorama.SOTFAudioUnits.EQAudioUnit;
				SDKROOT = macosx;
				SKIP_INSTALL = NO;
				SWIFT_OBJC_BRIDGING_HEADER = Shared/BridgingHeader.h;
			};
			name = Release;
		};
		D3CD097828623BB07DF4F7ED /* Debug */ = {
			isa = XCBuildConfiguration;
			buildSettings = {
				CODE_SIGN_ENTITLEMENTS = GainAudioUnit/GainAudioUnit.entitlements;
				CODE_SIGN_IDENTITY = "-";
				CODE_SIGN_STYLE = Automatic;
				COMBINE_HIDPI_IMAGES = YES;
				EXTENSION_SAFE_API_ONLY = YES;
				HEADER_SEARCH_PATHS = (
					"$(PROJECT_DIR)/Shared",
				);
				INFOPLIST_FILE = GainAudioUnit/Info.plist;
				LD_RUNPATH_SEARCH_PATHS = (
					"$(inherited)",
					"@executable_path/../Frameworks",
					"@executable_path/../../../../Frameworks",
				);
				LIBRARY_SEARCH_PATHS = (
					"$(PROJECT_DIR)/Resources",
				);
				MACOSX_DEPLOYMENT_TARGET = 15.0;
				OTHER_LDFLAGS = (
					"-lsotf_audio_plugins_ffi",
				);
				PRODUCT_BUNDLE_IDENTIFIER = org.spinorama.SOTFAudioUnits.GainAudioUnit;
				SDKROOT = macosx;
				SKIP_INSTALL = NO;
				SWIFT_OBJC_BRIDGING_HEADER = Shared/BridgingHeader.h;
			};
			name = Debug;
		};
		E254B7188DD7DE6AAC1ED470 /* Debug */ = {
			isa = XCBuildConfiguration;
			buildSettings = {
				CODE_SIGN_ENTITLEMENTS = LimiterAudioUnit/LimiterAudioUnit.entitlements;
				CODE_SIGN_IDENTITY = "-";
				CODE_SIGN_STYLE = Automatic;
				COMBINE_HIDPI_IMAGES = YES;
				EXTENSION_SAFE_API_ONLY = YES;
				HEADER_SEARCH_PATHS = (
					"$(PROJECT_DIR)/Shared",
				);
				INFOPLIST_FILE = LimiterAudioUnit/Info.plist;
				LD_RUNPATH_SEARCH_PATHS = (
					"$(inherited)",
					"@executable_path/../Frameworks",
					"@executable_path/../../../../Frameworks",
				);
				LIBRARY_SEARCH_PATHS = (
					"$(PROJECT_DIR)/Resources",
				);
				MACOSX_DEPLOYMENT_TARGET = 15.0;
				OTHER_LDFLAGS = (
					"-lsotf_audio_plugins_ffi",
				);
				PRODUCT_BUNDLE_IDENTIFIER = org.spinorama.SOTFAudioUnits.LimiterAudioUnit;
				SDKROOT = macosx;
				SKIP_INSTALL = NO;
				SWIFT_OBJC_BRIDGING_HEADER = Shared/BridgingHeader.h;
			};
			name = Debug;
		};
		EE64A7D1850C2C5926A92957 /* Release */ = {
			isa = XCBuildConfiguration;
			buildSettings = {
				CODE_SIGN_ENTITLEMENTS = CompressorAudioUnit/CompressorAudioUnit.entitlements;
				CODE_SIGN_IDENTITY = "-";
				CODE_SIGN_STYLE = Automatic;
				COMBINE_HIDPI_IMAGES = YES;
				EXTENSION_SAFE_API_ONLY = YES;
				HEADER_SEARCH_PATHS = (
					"$(PROJECT_DIR)/Shared",
				);
				INFOPLIST_FILE = CompressorAudioUnit/Info.plist;
				LD_RUNPATH_SEARCH_PATHS = (
					"$(inherited)",
					"@executable_path/../Frameworks",
					"@executable_path/../../../../Frameworks",
				);
				LIBRARY_SEARCH_PATHS = (
					"$(PROJECT_DIR)/Resources",
				);
				MACOSX_DEPLOYMENT_TARGET = 15.0;
				OTHER_LDFLAGS = (
					"-lsotf_audio_plugins_ffi",
				);
				PRODUCT_BUNDLE_IDENTIFIER = org.spinorama.SOTFAudioUnits.CompressorAudioUnit;
				SDKROOT = macosx;
				SKIP_INSTALL = NO;
				SWIFT_OBJC_BRIDGING_HEADER = Shared/BridgingHeader.h;
			};
			name = Release;
		};
		F239045D0920D9F78BB9F90A /* Debug */ = {
			isa = XCBuildConfiguration;
			buildSettings = {
				CODE_SIGN_ENTITLEMENTS = EQAudioUnit/EQAudioUnit.entitlements;
				CODE_SIGN_IDENTITY = "-";
				CODE_SIGN_STYLE = Automatic;
				COMBINE_HIDPI_IMAGES = YES;
				EXTENSION_SAFE_API_ONLY = YES;
				HEADER_SEARCH_PATHS = (
					"$(PROJECT_DIR)/Shared",
				);
				INFOPLIST_FILE = EQAudioUnit/Info.plist;
				LD_RUNPATH_SEARCH_PATHS = (
					"$(inherited)",
					"@executable_path/../Frameworks",
					"@executable_path/../../../../Frameworks",
				);
				LIBRARY_SEARCH_PATHS = (
					"$(PROJECT_DIR)/Resources",
				);
				MACOSX_DEPLOYMENT_TARGET = 15.0;
				OTHER_LDFLAGS = (
					"-lsotf_audio_plugins_ffi",
				);
				PRODUCT_BUNDLE_IDENTIFIER = org.spinorama.SOTFAudioUnits.EQAudioUnit;
				SDKROOT = macosx;
				SKIP_INSTALL = NO;
				SWIFT_OBJC_BRIDGING_HEADER = Shared/BridgingHeader.h;
			};
			name = Debug;
		};
/* End XCBuildConfiguration section */

/* Begin XCConfigurationList section */
		10D596142E9E98CDE320B185 /* Build configuration list for PBXNativeTarget "CompressorAudioUnit" */ = {
			isa = XCConfigurationList;
			buildConfigurations = (
				B25826C1D71EB5D4D2C3D2F8 /* Debug */,
				EE64A7D1850C2C5926A92957 /* Release */,
			);
			defaultConfigurationIsVisible = 0;
			defaultConfigurationName = Debug;
		};
		600156C6C9D9DB798AB1024F /* Build configuration list for PBXNativeTarget "LimiterAudioUnit" */ = {
			isa = XCConfigurationList;
			buildConfigurations = (
				E254B7188DD7DE6AAC1ED470 /* Debug */,
				5B13FD411691CA61E9A01ADE /* Release */,
			);
			defaultConfigurationIsVisible = 0;
			defaultConfigurationName = Debug;
		};
		6ADBC98A1D4FF5037A7A4D85 /* Build configuration list for PBXNativeTarget "EQAudioUnit" */ = {
			isa = XCConfigurationList;
			buildConfigurations = (
				F239045D0920D9F78BB9F90A /* Debug */,
				C53F1B913B1FB831A84DB5AE /* Release */,
			);
			defaultConfigurationIsVisible = 0;
			defaultConfigurationName = Debug;
		};
		6D2B6B72233D16C62F83EA5E /* Build configuration list for PBXNativeTarget "GateAudioUnit" */ = {
			isa = XCConfigurationList;
			buildConfigurations = (
				103350743E79CFE5AE98F9A3 /* Debug */,
				1A0BBB3C80D202CBF1927280 /* Release */,
			);
			defaultConfigurationIsVisible = 0;
			defaultConfigurationName = Debug;
		};
		9969AED1BE912E80E1A7A510 /* Build configuration list for PBXNativeTarget "SOTFAudioUnits" */ = {
			isa = XCConfigurationList;
			buildConfigurations = (
				5431F247D347DADDB73167EA /* Debug */,
				A699AA1B305C2D0C4E9E4170 /* Release */,
			);
			defaultConfigurationIsVisible = 0;
			defaultConfigurationName = Debug;
		};
		AFE5B917B12DB4F965737240 /* Build configuration list for PBXNativeTarget "DelayAudioUnit" */ = {
			isa = XCConfigurationList;
			buildConfigurations = (
				3EB7EB5A80F5C9C099C3D2B5 /* Debug */,
				8C0B6FC2D5D7149EA8ADA838 /* Release */,
			);
			defaultConfigurationIsVisible = 0;
			defaultConfigurationName = Debug;
		};
		E159F7FF23665811CDEFCA62 /* Build configuration list for PBXNativeTarget "GainAudioUnit" */ = {
			isa = XCConfigurationList;
			buildConfigurations = (
				D3CD097828623BB07DF4F7ED /* Debug */,
				2EF796B4A093B03231E79AE4 /* Release */,
			);
			defaultConfigurationIsVisible = 0;
			defaultConfigurationName = Debug;
		};
		E6708343C3F9AE9D1B35CD5F /* Build configuration list for PBXProject "SOTFAudioUnits" */ = {
			isa = XCConfigurationList;
			buildConfigurations = (
				96BE47B59484B5B23D0AD3E0 /* Debug */,
				AF6C1B63808BF4DD32560F20 /* Release */,
			);
			defaultConfigurationIsVisible = 0;
			defaultConfigurationName = Debug;
		};
/* End XCConfigurationList section */
	};
	rootObject = 276DEC5F2AEE49D20BB0748F /* Project object */;
}
